// !$*UTF8*$!
{
	archiveVersion = 1;
	classes = {
	};
	objectVersion = 50;
	objects = {

/* Begin PBXBuildFile section */
		AE7275C923BD1AA000C8B38F /* AppDelegate.swift in Sources */ = {isa = PBXBuildFile; fileRef = AE7275C823BD1AA000C8B38F /* AppDelegate.swift */; };
		AE7275CB23BD1AA000C8B38F /* SceneDelegate.swift in Sources */ = {isa = PBXBuildFile; fileRef = AE7275CA23BD1AA000C8B38F /* SceneDelegate.swift */; };
		AE7275CD23BD1AA000C8B38F /* ViewController.swift in Sources */ = {isa = PBXBuildFile; fileRef = AE7275CC23BD1AA000C8B38F /* ViewController.swift */; };
		AE7275D023BD1AA000C8B38F /* Main.storyboard in Resources */ = {isa = PBXBuildFile; fileRef = AE7275CE23BD1AA000C8B38F /* Main.storyboard */; };
		AE7275D223BD1AA000C8B38F /* Assets.xcassets in Resources */ = {isa = PBXBuildFile; fileRef = AE7275D123BD1AA000C8B38F /* Assets.xcassets */; };
		AE7275D523BD1AA000C8B38F /* LaunchScreen.storyboard in Resources */ = {isa = PBXBuildFile; fileRef = AE7275D323BD1AA000C8B38F /* LaunchScreen.storyboard */; };
		AE7275DD23BD1EC500C8B38F /* UIView+Border.swift in Sources */ = {isa = PBXBuildFile; fileRef = AE7275DC23BD1EC500C8B38F /* UIView+Border.swift */; };
		AE7275DF23BD227400C8B38F /* BorderLabel.swift in Sources */ = {isa = PBXBuildFile; fileRef = AE7275DE23BD227400C8B38F /* BorderLabel.swift */; };
/* End PBXBuildFile section */

/* Begin PBXFileReference section */
		AE7275C523BD1AA000C8B38F /* Border.app */ = {isa = PBXFileReference; explicitFileType = wrapper.application; includeInIndex = 0; path = Border.app; sourceTree = BUILT_PRODUCTS_DIR; };
		AE7275C823BD1AA000C8B38F /* AppDelegate.swift */ = {isa = PBXFileReference; lastKnownFileType = sourcecode.swift; path = AppDelegate.swift; sourceTree = "<group>"; };
		AE7275CA23BD1AA000C8B38F /* SceneDelegate.swift */ = {isa = PBXFileReference; lastKnownFileType = sourcecode.swift; path = SceneDelegate.swift; sourceTree = "<group>"; };
		AE7275CC23BD1AA000C8B38F /* ViewController.swift */ = {isa = PBXFileReference; lastKnownFileType = sourcecode.swift; path = ViewController.swift; sourceTree = "<group>"; };
		AE7275CF23BD1AA000C8B38F /* Base */ = {isa = PBXFileReference; lastKnownFileType = file.storyboard; name = Base; path = Base.lproj/Main.storyboard; sourceTree = "<group>"; };
		AE7275D123BD1AA000C8B38F /* Assets.xcassets */ = {isa = PBXFileReference; lastKnownFileType = folder.assetcatalog; path = Assets.xcassets; sourceTree = "<group>"; };
		AE7275D423BD1AA000C8B38F /* Base */ = {isa = PBXFileReference; lastKnownFileType = file.storyboard; name = Base; path = Base.lproj/LaunchScreen.storyboard; sourceTree = "<group>"; };
		AE7275D623BD1AA000C8B38F /* Info.plist */ = {isa = PBXFileReference; lastKnownFileType = text.plist.xml; path = Info.plist; sourceTree = "<group>"; };
		AE7275DC23BD1EC500C8B38F /* UIView+Border.swift */ = {isa = PBXFileReference; lastKnownFileType = sourcecode.swift; path = "UIView+Border.swift"; sourceTree = "<group>"; };
		AE7275DE23BD227400C8B38F /* BorderLabel.swift */ = {isa = PBXFileReference; lastKnownFileType = sourcecode.swift; path = BorderLabel.swift; sourceTree = "<group>"; };
/* End PBXFileReference section */

/* Begin PBXFrameworksBuildPhase section */
		AE7275C223BD1AA000C8B38F /* Frameworks */ = {
			isa = PBXFrameworksBuildPhase;
			buildActionMask = 2147483647;
			files = (
			);
			runOnlyForDeploymentPostprocessing = 0;
		};
/* End PBXFrameworksBuildPhase section */

/* Begin PBXGroup section */
		AE7275BC23BD1AA000C8B38F = {
			isa = PBXGroup;
			children = (
				AE7275C723BD1AA000C8B38F /* Border */,
				AE7275C623BD1AA000C8B38F /* Products */,
			);
			sourceTree = "<group>";
		};
		AE7275C623BD1AA000C8B38F /* Products */ = {
			isa = PBXGroup;
			children = (
				AE7275C523BD1AA000C8B38F /* Border.app */,
			);
			name = Products;
			sourceTree = "<group>";
		};
		AE7275C723BD1AA000C8B38F /* Border */ = {
			isa = PBXGroup;
			children = (
				AE7275DC23BD1EC500C8B38F /* UIView+Border.swift */,
				AE7275DE23BD227400C8B38F /* BorderLabel.swift */,
				AE7275C823BD1AA000C8B38F /* AppDelegate.swift */,
				AE7275CA23BD1AA000C8B38F /* SceneDelegate.swift */,
				AE7275CC23BD1AA000C8B38F /* ViewController.swift */,
				AE7275CE23BD1AA000C8B38F /* Main.storyboard */,
				AE7275D123BD1AA000C8B38F /* Assets.xcassets */,
				AE7275D323BD1AA000C8B38F /* LaunchScreen.storyboard */,
				AE7275D623BD1AA000C8B38F /* Info.plist */,
			);
			path = Border;
			sourceTree = "<group>";
		};
/* End PBXGroup section */

/* Begin PBXNativeTarget section */
		AE7275C423BD1AA000C8B38F /* Border */ = {
			isa = PBXNativeTarget;
			buildConfigurationList = AE7275D923BD1AA000C8B38F /* Build configuration list for PBXNativeTarget "Border" */;
			buildPhases = (
				AE7275C123BD1AA000C8B38F /* Sources */,
				AE7275C223BD1AA000C8B38F /* Frameworks */,
				AE7275C323BD1AA000C8B38F /* Resources */,
			);
			buildRules = (
			);
			dependencies = (
			);
			name = Border;
			productName = Border;
			productReference = AE7275C523BD1AA000C8B38F /* Border.app */;
			productType = "com.apple.product-type.application";
		};
/* End PBXNativeTarget section */

/* Begin PBXProject section */
		AE7275BD23BD1AA000C8B38F /* Project object */ = {
			isa = PBXProject;
			attributes = {
				LastSwiftUpdateCheck = 1120;
				LastUpgradeCheck = 1120;
				ORGANIZATIONNAME = hackeru;
				TargetAttributes = {
					AE7275C423BD1AA000C8B38F = {
						CreatedOnToolsVersion = 11.2.1;
					};
				};
			};
			buildConfigurationList = AE7275C023BD1AA000C8B38F /* Build configuration list for PBXProject "Border" */;
			compatibilityVersion = "Xcode 9.3";
			developmentRegion = en;
			hasScannedForEncodings = 0;
			knownRegions = (
				en,
				Base,
			);
			mainGroup = AE7275BC23BD1AA000C8B38F;
			productRefGroup = AE7275C623BD1AA000C8B38F /* Products */;
			projectDirPath = "";
			projectRoot = "";
			targets = (
				AE7275C423BD1AA000C8B38F /* Border */,
			);
		};
/* End PBXProject section */

/* Begin PBXResourcesBuildPhase section */
		AE7275C323BD1AA000C8B38F /* Resources */ = {
			isa = PBXResourcesBuildPhase;
			buildActionMask = 2147483647;
			files = (
				AE7275D523BD1AA000C8B38F /* LaunchScreen.storyboard in Resources */,
				AE7275D223BD1AA000C8B38F /* Assets.xcassets in Resources */,
				AE7275D023BD1AA000C8B38F /* Main.storyboard in Resources */,
			);
			runOnlyForDeploymentPostprocessing = 0;
		};
/* End PBXResourcesBuildPhase section */

/* Begin PBXSourcesBuildPhase section */
		AE7275C123BD1AA000C8B38F /* Sources */ = {
			isa = PBXSourcesBuildPhase;
			buildActionMask = 2147483647;
			files = (
				AE7275DD23BD1EC500C8B38F /* UIView+Border.swift in Sources */,
				AE7275CD23BD1AA000C8B38F /* ViewController.swift in Sources */,
				AE7275C923BD1AA000C8B38F /* AppDelegate.swift in Sources */,
				AE7275CB23BD1AA000C8B38F /* SceneDelegate.swift in Sources */,
				AE7275DF23BD227400C8B38F /* BorderLabel.swift in Sources */,
			);
			runOnlyForDeploymentPostprocessing = 0;
		};
/* End PBXSourcesBuildPhase section */

/* Begin PBXVariantGroup section */
		AE7275CE23BD1AA000C8B38F /* Main.storyboard */ = {
			isa = PBXVariantGroup;
			children = (
				AE7275CF23BD1AA000C8B38F /* Base */,
			);
			name = Main.storyboard;
			sourceTree = "<group>";
		};
		AE7275D323BD1AA000C8B38F /* LaunchScreen.storyboard */ = {
			isa = PBXVariantGroup;
			children = (
				AE7275D423BD1AA000C8B38F /* Base */,
			);
			name = LaunchScreen.storyboard;
			sourceTree = "<group>";
		};
/* End PBXVariantGroup section */

/* Begin XCBuildConfiguration section */
		AE7275D723BD1AA000C8B38F /* Debug */ = {
			isa = XCBuildConfiguration;
			buildSettings = {
				ALWAYS_SEARCH_USER_PATHS = NO;
				CLANG_ANALYZER_NONNULL = YES;
				CLANG_ANALYZER_NUMBER_OBJECT_CONVERSION = YES_AGGRESSIVE;
				CLANG_CXX_LANGUAGE_STANDARD = "gnu++14";
				CLANG_CXX_LIBRARY = "libc++";
				CLANG_ENABLE_MODULES = YES;
				CLANG_ENABLE_OBJC_ARC = YES;
				CLANG_ENABLE_OBJC_WEAK = YES;
				CLANG_WARN_BLOCK_CAPTURE_AUTORELEASING = YES;
				CLANG_WARN_BOOL_CONVERSION = YES;
				CLANG_WARN_COMMA = YES;
				CLANG_WARN_CONSTANT_CONVERSION = YES;
				CLANG_WARN_DEPRECATED_OBJC_IMPLEMENTATIONS = YES;
				CLANG_WARN_DIRECT_OBJC_ISA_USAGE = YES_ERROR;
				CLANG_WARN_DOCUMENTATION_COMMENTS = YES;
				CLANG_WARN_EMPTY_BODY = YES;
				CLANG_WARN_ENUM_CONVERSION = YES;
				CLANG_WARN_INFINITE_RECURSION = YES;
				CLANG_WARN_INT_CONVERSION = YES;
				CLANG_WARN_NON_LITERAL_NULL_CONVERSION = YES;
				CLANG_WARN_OBJC_IMPLICIT_RETAIN_SELF = YES;
				CLANG_WARN_OBJC_LITERAL_CONVERSION = YES;
				CLANG_WARN_OBJC_ROOT_CLASS = YES_ERROR;
				CLANG_WARN_RANGE_LOOP_ANALYSIS = YES;
				CLANG_WARN_STRICT_PROTOTYPES = YES;
				CLANG_WARN_SUSPICIOUS_MOVE = YES;
				CLANG_WARN_UNGUARDED_AVAILABILITY = YES_AGGRESSIVE;
				CLANG_WARN_UNREACHABLE_CODE = YES;
				CLANG_WARN__DUPLICATE_METHOD_MATCH = YES;
				COPY_PHASE_STRIP = NO;
				DEBUG_INFORMATION_FORMAT = dwarf;
				ENABLE_STRICT_OBJC_MSGSEND = YES;
				ENABLE_TESTABILITY = YES;
				GCC_C_LANGUAGE_STANDARD = gnu11;
				GCC_DYNAMIC_NO_PIC = NO;
				GCC_NO_COMMON_BLOCKS = YES;
				GCC_OPTIMIZATION_LEVEL = 0;
				GCC_PREPROCESSOR_DEFINITIONS = (
					"DEBUG=1",
					"$(inherited)",
				);
				GCC_WARN_64_TO_32_BIT_CONVERSION = YES;
				GCC_WARN_ABOUT_RETURN_TYPE = YES_ERROR;
				GCC_WARN_UNDECLARED_SELECTOR = YES;
				GCC_WARN_UNINITIALIZED_AUTOS = YES_AGGRESSIVE;
				GCC_WARN_UNUSED_FUNCTION = YES;
				GCC_WARN_UNUSED_VARIABLE = YES;
				IPHONEOS_DEPLOYMENT_TARGET = 13.2;
				MTL_ENABLE_DEBUG_INFO = INCLUDE_SOURCE;
				MTL_FAST_MATH = YES;
				ONLY_ACTIVE_ARCH = YES;
				SDKROOT = iphoneos;
				SWIFT_ACTIVE_COMPILATION_CONDITIONS = DEBUG;
				SWIFT_OPTIMIZATION_LEVEL = "-Onone";
			};
			name = Debug;
		};
		AE7275D823BD1AA000C8B38F /* Release */ = {
			isa = XCBuildConfiguration;
			buildSettings = {
				ALWAYS_SEARCH_USER_PATHS = NO;
				CLANG_ANALYZER_NONNULL = YES;
				CLANG_ANALYZER_NUMBER_OBJECT_CONVERSION = YES_AGGRESSIVE;
				CLANG_CXX_LANGUAGE_STANDARD = "gnu++14";
				CLANG_CXX_LIBRARY = "libc++";
				CLANG_ENABLE_MODULES = YES;
				CLANG_ENABLE_OBJC_ARC = YES;
				CLANG_ENABLE_OBJC_WEAK = YES;
				CLANG_WARN_BLOCK_CAPTURE_AUTORELEASING = YES;
				CLANG_WARN_BOOL_CONVERSION = YES;
				CLANG_WARN_COMMA = YES;
				CLANG_WARN_CONSTANT_CONVERSION = YES;
				CLANG_WARN_DEPRECATED_OBJC_IMPLEMENTATIONS = YES;
				CLANG_WARN_DIRECT_OBJC_ISA_USAGE = YES_ERROR;
				CLANG_WARN_DOCUMENTATION_COMMENTS = YES;
				CLANG_WARN_EMPTY_BODY = YES;
				CLANG_WARN_ENUM_CONVERSION = YES;
				CLANG_WARN_INFINITE_RECURSION = YES;
				CLANG_WARN_INT_CONVERSION = YES;
				CLANG_WARN_NON_LITERAL_NULL_CONVERSION = YES;
				CLANG_WARN_OBJC_IMPLICIT_RETAIN_SELF = YES;
				CLANG_WARN_OBJC_LITERAL_CONVERSION = YES;
				CLANG_WARN_OBJC_ROOT_CLASS = YES_ERROR;
				CLANG_WARN_RANGE_LOOP_ANALYSIS = YES;
				CLANG_WARN_STRICT_PROTOTYPES = YES;
				CLANG_WARN_SUSPICIOUS_MOVE = YES;
				CLANG_WARN_UNGUARDED_AVAILABILITY = YES_AGGRESSIVE;
				CLANG_WARN_UNREACHABLE_CODE = YES;
				CLANG_WARN__DUPLICATE_METHOD_MATCH = YES;
				COPY_PHASE_STRIP = NO;
				DEBUG_INFORMATION_FORMAT = "dwarf-with-dsym";
				ENABLE_NS_ASSERTIONS = NO;
				ENABLE_STRICT_OBJC_MSGSEND = YES;
				GCC_C_LANGUAGE_STANDARD = gnu11;
				GCC_NO_COMMON_BLOCKS = YES;
				GCC_WARN_64_TO_32_BIT_CONVERSION = YES;
				GCC_WARN_ABOUT_RETURN_TYPE = YES_ERROR;
				GCC_WARN_UNDECLARED_SELECTOR = YES;
				GCC_WARN_UNINITIALIZED_AUTOS = YES_AGGRESSIVE;
				GCC_WARN_UNUSED_FUNCTION = YES;
				GCC_WARN_UNUSED_VARIABLE = YES;
				IPHONEOS_DEPLOYMENT_TARGET = 13.2;
				MTL_ENABLE_DEBUG_INFO = NO;
				MTL_FAST_MATH = YES;
				SDKROOT = iphoneos;
				SWIFT_COMPILATION_MODE = wholemodule;
				SWIFT_OPTIMIZATION_LEVEL = "-O";
				VALIDATE_PRODUCT = YES;
			};
			name = Release;
		};
		AE7275DA23BD1AA000C8B38F /* Debug */ = {
			isa = XCBuildConfiguration;
			buildSettings = {
				ASSETCATALOG_COMPILER_APPICON_NAME = AppIcon;
				CODE_SIGN_STYLE = Automatic;
				INFOPLIST_FILE = Border/Info.plist;
				LD_RUNPATH_SEARCH_PATHS = (
					"$(inherited)",
					"@executable_path/Frameworks",
				);
				PRODUCT_BUNDLE_IDENTIFIER = co.il.hackeru.Border;
				PRODUCT_NAME = "$(TARGET_NAME)";
				SWIFT_VERSION = 5.0;
				TARGETED_DEVICE_FAMILY = "1,2";
			};
			name = Debug;
		};
		AE7275DB23BD1AA000C8B38F /* Release */ = {
			isa = XCBuildConfiguration;
			buildSettings = {
				ASSETCATALOG_COMPILER_APPICON_NAME = AppIcon;
				CODE_SIGN_STYLE = Automatic;
				INFOPLIST_FILE = Border/Info.plist;
				LD_RUNPATH_SEARCH_PATHS = (
					"$(inherited)",
					"@executable_path/Frameworks",
				);
				PRODUCT_BUNDLE_IDENTIFIER = co.il.hackeru.Border;
				PRODUCT_NAME = "$(TARGET_NAME)";
				SWIFT_VERSION = 5.0;
				TARGETED_DEVICE_FAMILY = "1,2";
			};
			name = Release;
		};
/* End XCBuildConfiguration section */

/* Begin XCConfigurationList section */
		AE7275C023BD1AA000C8B38F /* Build configuration list for PBXProject "Border" */ = {
			isa = XCConfigurationList;
			buildConfigurations = (
				AE7275D723BD1AA000C8B38F /* Debug */,
				AE7275D823BD1AA000C8B38F /* Release */,
			);
			defaultConfigurationIsVisible = 0;
			defaultConfigurationName = Release;
		};
		AE7275D923BD1AA000C8B38F /* Build configuration list for PBXNativeTarget "Border" */ = {
			isa = XCConfigurationList;
			buildConfigurations = (
				AE7275DA23BD1AA000C8B38F /* Debug */,
				AE7275DB23BD1AA000C8B38F /* Release */,
			);
			defaultConfigurationIsVisible = 0;
			defaultConfigurationName = Release;
		};
/* End XCConfigurationList section */
	};
	rootObject = AE7275BD23BD1AA000C8B38F /* Project object */;
}
