// !$*UTF8*$!
{
	archiveVersion = 1;
	classes = {
	};
	objectVersion = 50;
	objects = {

/* Begin PBXBuildFile section */
		AE561B4023F4681900A2A59D /* PeopleViewController.swift in Sources */ = {isa = PBXBuildFile; fileRef = AE561B3F23F4681900A2A59D /* PeopleViewController.swift */; };
		AEE4597523F0747C00285927 /* AppDelegate.swift in Sources */ = {isa = PBXBuildFile; fileRef = AEE4597423F0747C00285927 /* AppDelegate.swift */; };
		AEE4597723F0747C00285927 /* SceneDelegate.swift in Sources */ = {isa = PBXBuildFile; fileRef = AEE4597623F0747C00285927 /* SceneDelegate.swift */; };
		AEE4597923F0747C00285927 /* ViewController.swift in Sources */ = {isa = PBXBuildFile; fileRef = AEE4597823F0747C00285927 /* ViewController.swift */; };
		AEE4597C23F0747C00285927 /* Main.storyboard in Resources */ = {isa = PBXBuildFile; fileRef = AEE4597A23F0747C00285927 /* Main.storyboard */; };
		AEE4597F23F0747C00285927 /* HitList.xcdatamodeld in Sources */ = {isa = PBXBuildFile; fileRef = AEE4597D23F0747C00285927 /* HitList.xcdatamodeld */; };
		AEE4598123F0747E00285927 /* Assets.xcassets in Resources */ = {isa = PBXBuildFile; fileRef = AEE4598023F0747E00285927 /* Assets.xcassets */; };
		AEE4598423F0747E00285927 /* LaunchScreen.storyboard in Resources */ = {isa = PBXBuildFile; fileRef = AEE4598223F0747E00285927 /* LaunchScreen.storyboard */; };
		AEF8171023F086BF008F66B7 /* Database.swift in Sources */ = {isa = PBXBuildFile; fileRef = AEF8170F23F086BF008F66B7 /* Database.swift */; };
/* End PBXBuildFile section */

/* Begin PBXFileReference section */
		AE561B3F23F4681900A2A59D /* PeopleViewController.swift */ = {isa = PBXFileReference; lastKnownFileType = sourcecode.swift; path = PeopleViewController.swift; sourceTree = "<group>"; };
		AE561B4123F481CD00A2A59D /* HitList V2.xcdatamodel */ = {isa = PBXFileReference; lastKnownFileType = wrapper.xcdatamodel; path = "HitList V2.xcdatamodel"; sourceTree = "<group>"; };
		AEE4597123F0747C00285927 /* HitList.app */ = {isa = PBXFileReference; explicitFileType = wrapper.application; includeInIndex = 0; path = HitList.app; sourceTree = BUILT_PRODUCTS_DIR; };
		AEE4597423F0747C00285927 /* AppDelegate.swift */ = {isa = PBXFileReference; lastKnownFileType = sourcecode.swift; path = AppDelegate.swift; sourceTree = "<group>"; };
		AEE4597623F0747C00285927 /* SceneDelegate.swift */ = {isa = PBXFileReference; lastKnownFileType = sourcecode.swift; path = SceneDelegate.swift; sourceTree = "<group>"; };
		AEE4597823F0747C00285927 /* ViewController.swift */ = {isa = PBXFileReference; lastKnownFileType = sourcecode.swift; path = ViewController.swift; sourceTree = "<group>"; };
		AEE4597B23F0747C00285927 /* Base */ = {isa = PBXFileReference; lastKnownFileType = file.storyboard; name = Base; path = Base.lproj/Main.storyboard; sourceTree = "<group>"; };
		AEE4597E23F0747C00285927 /* HitList.xcdatamodel */ = {isa = PBXFileReference; lastKnownFileType = wrapper.xcdatamodel; path = HitList.xcdatamodel; sourceTree = "<group>"; };
		AEE4598023F0747E00285927 /* Assets.xcassets */ = {isa = PBXFileReference; lastKnownFileType = folder.assetcatalog; path = Assets.xcassets; sourceTree = "<group>"; };
		AEE4598323F0747E00285927 /* Base */ = {isa = PBXFileReference; lastKnownFileType = file.storyboard; name = Base; path = Base.lproj/LaunchScreen.storyboard; sourceTree = "<group>"; };
		AEE4598523F0747E00285927 /* Info.plist */ = {isa = PBXFileReference; lastKnownFileType = text.plist.xml; path = Info.plist; sourceTree = "<group>"; };
		AEF8170F23F086BF008F66B7 /* Database.swift */ = {isa = PBXFileReference; lastKnownFileType = sourcecode.swift; path = Database.swift; sourceTree = "<group>"; };
/* End PBXFileReference section */

/* Begin PBXFrameworksBuildPhase section */
		AEE4596E23F0747C00285927 /* Frameworks */ = {
			isa = PBXFrameworksBuildPhase;
			buildActionMask = 2147483647;
			files = (
			);
			runOnlyForDeploymentPostprocessing = 0;
		};
/* End PBXFrameworksBuildPhase section */

/* Begin PBXGroup section */
		AEE4596823F0747C00285927 = {
			isa = PBXGroup;
			children = (
				AEE4597323F0747C00285927 /* HitList */,
				AEE4597223F0747C00285927 /* Products */,
			);
			sourceTree = "<group>";
		};
		AEE4597223F0747C00285927 /* Products */ = {
			isa = PBXGroup;
			children = (
				AEE4597123F0747C00285927 /* HitList.app */,
			);
			name = Products;
			sourceTree = "<group>";
		};
		AEE4597323F0747C00285927 /* HitList */ = {
			isa = PBXGroup;
			children = (
				AEF8170E23F0869A008F66B7 /* Model */,
				AEE4597423F0747C00285927 /* AppDelegate.swift */,
				AEE4597623F0747C00285927 /* SceneDelegate.swift */,
				AEE4597823F0747C00285927 /* ViewController.swift */,
				AE561B3F23F4681900A2A59D /* PeopleViewController.swift */,
				AEE4597A23F0747C00285927 /* Main.storyboard */,
				AEE4598023F0747E00285927 /* Assets.xcassets */,
				AEE4598223F0747E00285927 /* LaunchScreen.storyboard */,
				AEE4598523F0747E00285927 /* Info.plist */,
				AEE4597D23F0747C00285927 /* HitList.xcdatamodeld */,
			);
			path = HitList;
			sourceTree = "<group>";
		};
		AEF8170E23F0869A008F66B7 /* Model */ = {
			isa = PBXGroup;
			children = (
				AEF8170F23F086BF008F66B7 /* Database.swift */,
			);
			path = Model;
			sourceTree = "<group>";
		};
/* End PBXGroup section */

/* Begin PBXNativeTarget section */
		AEE4597023F0747C00285927 /* HitList */ = {
			isa = PBXNativeTarget;
			buildConfigurationList = AEE4598823F0747E00285927 /* Build configuration list for PBXNativeTarget "HitList" */;
			buildPhases = (
				AEE4596D23F0747C00285927 /* Sources */,
				AEE4596E23F0747C00285927 /* Frameworks */,
				AEE4596F23F0747C00285927 /* Resources */,
			);
			buildRules = (
			);
			dependencies = (
			);
			name = HitList;
			productName = HitList;
			productReference = AEE4597123F0747C00285927 /* HitList.app */;
			productType = "com.apple.product-type.application";
		};
/* End PBXNativeTarget section */

/* Begin PBXProject section */
		AEE4596923F0747C00285927 /* Project object */ = {
			isa = PBXProject;
			attributes = {
				LastSwiftUpdateCheck = 1130;
				LastUpgradeCheck = 1130;
				ORGANIZATIONNAME = hackeru;
				TargetAttributes = {
					AEE4597023F0747C00285927 = {
						CreatedOnToolsVersion = 11.3;
					};
				};
			};
			buildConfigurationList = AEE4596C23F0747C00285927 /* Build configuration list for PBXProject "HitList" */;
			compatibilityVersion = "Xcode 9.3";
			developmentRegion = en;
			hasScannedForEncodings = 0;
			knownRegions = (
				en,
				Base,
			);
			mainGroup = AEE4596823F0747C00285927;
			productRefGroup = AEE4597223F0747C00285927 /* Products */;
			projectDirPath = "";
			projectRoot = "";
			targets = (
				AEE4597023F0747C00285927 /* HitList */,
			);
		};
/* End PBXProject section */

/* Begin PBXResourcesBuildPhase section */
		AEE4596F23F0747C00285927 /* Resources */ = {
			isa = PBXResourcesBuildPhase;
			buildActionMask = 2147483647;
			files = (
				AEE4598423F0747E00285927 /* LaunchScreen.storyboard in Resources */,
				AEE4598123F0747E00285927 /* Assets.xcassets in Resources */,
				AEE4597C23F0747C00285927 /* Main.storyboard in Resources */,
			);
			runOnlyForDeploymentPostprocessing = 0;
		};
/* End PBXResourcesBuildPhase section */

/* Begin PBXSourcesBuildPhase section */
		AEE4596D23F0747C00285927 /* Sources */ = {
			isa = PBXSourcesBuildPhase;
			buildActionMask = 2147483647;
			files = (
				AEE4597923F0747C00285927 /* ViewController.swift in Sources */,
				AEE4597F23F0747C00285927 /* HitList.xcdatamodeld in Sources */,
				AEE4597523F0747C00285927 /* AppDelegate.swift in Sources */,
				AEF8171023F086BF008F66B7 /* Database.swift in Sources */,
				AEE4597723F0747C00285927 /* SceneDelegate.swift in Sources */,
				AE561B4023F4681900A2A59D /* PeopleViewController.swift in Sources */,
			);
			runOnlyForDeploymentPostprocessing = 0;
		};
/* End PBXSourcesBuildPhase section */

/* Begin PBXVariantGroup section */
		AEE4597A23F0747C00285927 /* Main.storyboard */ = {
			isa = PBXVariantGroup;
			children = (
				AEE4597B23F0747C00285927 /* Base */,
			);
			name = Main.storyboard;
			sourceTree = "<group>";
		};
		AEE4598223F0747E00285927 /* LaunchScreen.storyboard */ = {
			isa = PBXVariantGroup;
			children = (
				AEE4598323F0747E00285927 /* Base */,
			);
			name = LaunchScreen.storyboard;
			sourceTree = "<group>";
		};
/* End PBXVariantGroup section */

/* Begin XCBuildConfiguration section */
		AEE4598623F0747E00285927 /* Debug */ = {
			isa = XCBuildConfiguration;
			buildSettings = {
				ALWAYS_SEARCH_USER_PATHS = NO;
				CLANG_ANALYZER_NONNULL = YES;
				CLANG_ANALYZER_NUMBER_OBJECT_CONVERSION = YES_AGGRESSIVE;
				CLANG_CXX_LANGUAGE_STANDARD = "gnu++14";
				CLANG_CXX_LIBRARY = "libc++";
				CLANG_ENABLE_MODULES = YES;
				CLANG_ENABLE_OBJC_ARC = YES;
				CLANG_ENABLE_OBJC_WEAK = YES;
				CLANG_WARN_BLOCK_CAPTURE_AUTORELEASING = YES;
				CLANG_WARN_BOOL_CONVERSION = YES;
				CLANG_WARN_COMMA = YES;
				CLANG_WARN_CONSTANT_CONVERSION = YES;
				CLANG_WARN_DEPRECATED_OBJC_IMPLEMENTATIONS = YES;
				CLANG_WARN_DIRECT_OBJC_ISA_USAGE = YES_ERROR;
				CLANG_WARN_DOCUMENTATION_COMMENTS = YES;
				CLANG_WARN_EMPTY_BODY = YES;
				CLANG_WARN_ENUM_CONVERSION = YES;
				CLANG_WARN_INFINITE_RECURSION = YES;
				CLANG_WARN_INT_CONVERSION = YES;
				CLANG_WARN_NON_LITERAL_NULL_CONVERSION = YES;
				CLANG_WARN_OBJC_IMPLICIT_RETAIN_SELF = YES;
				CLANG_WARN_OBJC_LITERAL_CONVERSION = YES;
				CLANG_WARN_OBJC_ROOT_CLASS = YES_ERROR;
				CLANG_WARN_RANGE_LOOP_ANALYSIS = YES;
				CLANG_WARN_STRICT_PROTOTYPES = YES;
				CLANG_WARN_SUSPICIOUS_MOVE = YES;
				CLANG_WARN_UNGUARDED_AVAILABILITY = YES_AGGRESSIVE;
				CLANG_WARN_UNREACHABLE_CODE = YES;
				CLANG_WARN__DUPLICATE_METHOD_MATCH = YES;
				COPY_PHASE_STRIP = NO;
				DEBUG_INFORMATION_FORMAT = dwarf;
				ENABLE_STRICT_OBJC_MSGSEND = YES;
				ENABLE_TESTABILITY = YES;
				GCC_C_LANGUAGE_STANDARD = gnu11;
				GCC_DYNAMIC_NO_PIC = NO;
				GCC_NO_COMMON_BLOCKS = YES;
				GCC_OPTIMIZATION_LEVEL = 0;
				GCC_PREPROCESSOR_DEFINITIONS = (
					"DEBUG=1",
					"$(inherited)",
				);
				GCC_WARN_64_TO_32_BIT_CONVERSION = YES;
				GCC_WARN_ABOUT_RETURN_TYPE = YES_ERROR;
				GCC_WARN_UNDECLARED_SELECTOR = YES;
				GCC_WARN_UNINITIALIZED_AUTOS = YES_AGGRESSIVE;
				GCC_WARN_UNUSED_FUNCTION = YES;
				GCC_WARN_UNUSED_VARIABLE = YES;
				IPHONEOS_DEPLOYMENT_TARGET = 13.2;
				MTL_ENABLE_DEBUG_INFO = INCLUDE_SOURCE;
				MTL_FAST_MATH = YES;
				ONLY_ACTIVE_ARCH = YES;
				SDKROOT = iphoneos;
				SWIFT_ACTIVE_COMPILATION_CONDITIONS = DEBUG;
				SWIFT_OPTIMIZATION_LEVEL = "-Onone";
			};
			name = Debug;
		};
		AEE4598723F0747E00285927 /* Release */ = {
			isa = XCBuildConfiguration;
			buildSettings = {
				ALWAYS_SEARCH_USER_PATHS = NO;
				CLANG_ANALYZER_NONNULL = YES;
				CLANG_ANALYZER_NUMBER_OBJECT_CONVERSION = YES_AGGRESSIVE;
				CLANG_CXX_LANGUAGE_STANDARD = "gnu++14";
				CLANG_CXX_LIBRARY = "libc++";
				CLANG_ENABLE_MODULES = YES;
				CLANG_ENABLE_OBJC_ARC = YES;
				CLANG_ENABLE_OBJC_WEAK = YES;
				CLANG_WARN_BLOCK_CAPTURE_AUTORELEASING = YES;
				CLANG_WARN_BOOL_CONVERSION = YES;
				CLANG_WARN_COMMA = YES;
				CLANG_WARN_CONSTANT_CONVERSION = YES;
				CLANG_WARN_DEPRECATED_OBJC_IMPLEMENTATIONS = YES;
				CLANG_WARN_DIRECT_OBJC_ISA_USAGE = YES_ERROR;
				CLANG_WARN_DOCUMENTATION_COMMENTS = YES;
				CLANG_WARN_EMPTY_BODY = YES;
				CLANG_WARN_ENUM_CONVERSION = YES;
				CLANG_WARN_INFINITE_RECURSION = YES;
				CLANG_WARN_INT_CONVERSION = YES;
				CLANG_WARN_NON_LITERAL_NULL_CONVERSION = YES;
				CLANG_WARN_OBJC_IMPLICIT_RETAIN_SELF = YES;
				CLANG_WARN_OBJC_LITERAL_CONVERSION = YES;
				CLANG_WARN_OBJC_ROOT_CLASS = YES_ERROR;
				CLANG_WARN_RANGE_LOOP_ANALYSIS = YES;
				CLANG_WARN_STRICT_PROTOTYPES = YES;
				CLANG_WARN_SUSPICIOUS_MOVE = YES;
				CLANG_WARN_UNGUARDED_AVAILABILITY = YES_AGGRESSIVE;
				CLANG_WARN_UNREACHABLE_CODE = YES;
				CLANG_WARN__DUPLICATE_METHOD_MATCH = YES;
				COPY_PHASE_STRIP = NO;
				DEBUG_INFORMATION_FORMAT = "dwarf-with-dsym";
				ENABLE_NS_ASSERTIONS = NO;
				ENABLE_STRICT_OBJC_MSGSEND = YES;
				GCC_C_LANGUAGE_STANDARD = gnu11;
				GCC_NO_COMMON_BLOCKS = YES;
				GCC_WARN_64_TO_32_BIT_CONVERSION = YES;
				GCC_WARN_ABOUT_RETURN_TYPE = YES_ERROR;
				GCC_WARN_UNDECLARED_SELECTOR = YES;
				GCC_WARN_UNINITIALIZED_AUTOS = YES_AGGRESSIVE;
				GCC_WARN_UNUSED_FUNCTION = YES;
				GCC_WARN_UNUSED_VARIABLE = YES;
				IPHONEOS_DEPLOYMENT_TARGET = 13.2;
				MTL_ENABLE_DEBUG_INFO = NO;
				MTL_FAST_MATH = YES;
				SDKROOT = iphoneos;
				SWIFT_COMPILATION_MODE = wholemodule;
				SWIFT_OPTIMIZATION_LEVEL = "-O";
				VALIDATE_PRODUCT = YES;
			};
			name = Release;
		};
		AEE4598923F0747E00285927 /* Debug */ = {
			isa = XCBuildConfiguration;
			buildSettings = {
				ASSETCATALOG_COMPILER_APPICON_NAME = AppIcon;
				CODE_SIGN_STYLE = Automatic;
				INFOPLIST_FILE = HitList/Info.plist;
				LD_RUNPATH_SEARCH_PATHS = (
					"$(inherited)",
					"@executable_path/Frameworks",
				);
				PRODUCT_BUNDLE_IDENTIFIER = co.il.hackeru.HitList;
				PRODUCT_NAME = "$(TARGET_NAME)";
				SWIFT_VERSION = 5.0;
				TARGETED_DEVICE_FAMILY = "1,2";
			};
			name = Debug;
		};
		AEE4598A23F0747E00285927 /* Release */ = {
			isa = XCBuildConfiguration;
			buildSettings = {
				ASSETCATALOG_COMPILER_APPICON_NAME = AppIcon;
				CODE_SIGN_STYLE = Automatic;
				INFOPLIST_FILE = HitList/Info.plist;
				LD_RUNPATH_SEARCH_PATHS = (
					"$(inherited)",
					"@executable_path/Frameworks",
				);
				PRODUCT_BUNDLE_IDENTIFIER = co.il.hackeru.HitList;
				PRODUCT_NAME = "$(TARGET_NAME)";
				SWIFT_VERSION = 5.0;
				TARGETED_DEVICE_FAMILY = "1,2";
			};
			name = Release;
		};
/* End XCBuildConfiguration section */

/* Begin XCConfigurationList section */
		AEE4596C23F0747C00285927 /* Build configuration list for PBXProject "HitList" */ = {
			isa = XCConfigurationList;
			buildConfigurations = (
				AEE4598623F0747E00285927 /* Debug */,
				AEE4598723F0747E00285927 /* Release */,
			);
			defaultConfigurationIsVisible = 0;
			defaultConfigurationName = Release;
		};
		AEE4598823F0747E00285927 /* Build configuration list for PBXNativeTarget "HitList" */ = {
			isa = XCConfigurationList;
			buildConfigurations = (
				AEE4598923F0747E00285927 /* Debug */,
				AEE4598A23F0747E00285927 /* Release */,
			);
			defaultConfigurationIsVisible = 0;
			defaultConfigurationName = Release;
		};
/* End XCConfigurationList section */

/* Begin XCVersionGroup section */
		AEE4597D23F0747C00285927 /* HitList.xcdatamodeld */ = {
			isa = XCVersionGroup;
			children = (
				AE561B4123F481CD00A2A59D /* HitList V2.xcdatamodel */,
				AEE4597E23F0747C00285927 /* HitList.xcdatamodel */,
			);
			currentVersion = AE561B4123F481CD00A2A59D /* HitList V2.xcdatamodel */;
			path = HitList.xcdatamodeld;
			sourceTree = "<group>";
			versionGroupType = wrapper.xcdatamodel;
		};
/* End XCVersionGroup section */
	};
	rootObject = AEE4596923F0747C00285927 /* Project object */;
}
