// !$*UTF8*$!
{
	archiveVersion = 1;
	classes = {
	};
	objectVersion = 50;
	objects = {

/* Begin PBXBuildFile section */
		AEC63BBC23E728FC00E3BA42 /* AppDelegate.swift in Sources */ = {isa = PBXBuildFile; fileRef = AEC63BBB23E728FC00E3BA42 /* AppDelegate.swift */; };
		AEC63BBE23E728FC00E3BA42 /* SceneDelegate.swift in Sources */ = {isa = PBXBuildFile; fileRef = AEC63BBD23E728FC00E3BA42 /* SceneDelegate.swift */; };
		AEC63BC023E728FC00E3BA42 /* ViewController.swift in Sources */ = {isa = PBXBuildFile; fileRef = AEC63BBF23E728FC00E3BA42 /* ViewController.swift */; };
		AEC63BC323E728FC00E3BA42 /* Main.storyboard in Resources */ = {isa = PBXBuildFile; fileRef = AEC63BC123E728FC00E3BA42 /* Main.storyboard */; };
		AEC63BC523E728FD00E3BA42 /* Assets.xcassets in Resources */ = {isa = PBXBuildFile; fileRef = AEC63BC423E728FD00E3BA42 /* Assets.xcassets */; };
		AEC63BC823E728FD00E3BA42 /* LaunchScreen.storyboard in Resources */ = {isa = PBXBuildFile; fileRef = AEC63BC623E728FD00E3BA42 /* LaunchScreen.storyboard */; };
/* End PBXBuildFile section */

/* Begin PBXFileReference section */
		AEC63BB823E728FC00E3BA42 /* Dialer.app */ = {isa = PBXFileReference; explicitFileType = wrapper.application; includeInIndex = 0; path = Dialer.app; sourceTree = BUILT_PRODUCTS_DIR; };
		AEC63BBB23E728FC00E3BA42 /* AppDelegate.swift */ = {isa = PBXFileReference; lastKnownFileType = sourcecode.swift; path = AppDelegate.swift; sourceTree = "<group>"; };
		AEC63BBD23E728FC00E3BA42 /* SceneDelegate.swift */ = {isa = PBXFileReference; lastKnownFileType = sourcecode.swift; path = SceneDelegate.swift; sourceTree = "<group>"; };
		AEC63BBF23E728FC00E3BA42 /* ViewController.swift */ = {isa = PBXFileReference; lastKnownFileType = sourcecode.swift; path = ViewController.swift; sourceTree = "<group>"; };
		AEC63BC223E728FC00E3BA42 /* Base */ = {isa = PBXFileReference; lastKnownFileType = file.storyboard; name = Base; path = Base.lproj/Main.storyboard; sourceTree = "<group>"; };
		AEC63BC423E728FD00E3BA42 /* Assets.xcassets */ = {isa = PBXFileReference; lastKnownFileType = folder.assetcatalog; path = Assets.xcassets; sourceTree = "<group>"; };
		AEC63BC723E728FD00E3BA42 /* Base */ = {isa = PBXFileReference; lastKnownFileType = file.storyboard; name = Base; path = Base.lproj/LaunchScreen.storyboard; sourceTree = "<group>"; };
		AEC63BC923E728FD00E3BA42 /* Info.plist */ = {isa = PBXFileReference; lastKnownFileType = text.plist.xml; path = Info.plist; sourceTree = "<group>"; };
/* End PBXFileReference section */

/* Begin PBXFrameworksBuildPhase section */
		AEC63BB523E728FC00E3BA42 /* Frameworks */ = {
			isa = PBXFrameworksBuildPhase;
			buildActionMask = 2147483647;
			files = (
			);
			runOnlyForDeploymentPostprocessing = 0;
		};
/* End PBXFrameworksBuildPhase section */

/* Begin PBXGroup section */
		AEC63BAF23E728FC00E3BA42 = {
			isa = PBXGroup;
			children = (
				AEC63BBA23E728FC00E3BA42 /* Dialer */,
				AEC63BB923E728FC00E3BA42 /* Products */,
			);
			sourceTree = "<group>";
		};
		AEC63BB923E728FC00E3BA42 /* Products */ = {
			isa = PBXGroup;
			children = (
				AEC63BB823E728FC00E3BA42 /* Dialer.app */,
			);
			name = Products;
			sourceTree = "<group>";
		};
		AEC63BBA23E728FC00E3BA42 /* Dialer */ = {
			isa = PBXGroup;
			children = (
				AEC63BBB23E728FC00E3BA42 /* AppDelegate.swift */,
				AEC63BBD23E728FC00E3BA42 /* SceneDelegate.swift */,
				AEC63BBF23E728FC00E3BA42 /* ViewController.swift */,
				AEC63BC123E728FC00E3BA42 /* Main.storyboard */,
				AEC63BC423E728FD00E3BA42 /* Assets.xcassets */,
				AEC63BC623E728FD00E3BA42 /* LaunchScreen.storyboard */,
				AEC63BC923E728FD00E3BA42 /* Info.plist */,
			);
			path = Dialer;
			sourceTree = "<group>";
		};
/* End PBXGroup section */

/* Begin PBXNativeTarget section */
		AEC63BB723E728FC00E3BA42 /* Dialer */ = {
			isa = PBXNativeTarget;
			buildConfigurationList = AEC63BCC23E728FD00E3BA42 /* Build configuration list for PBXNativeTarget "Dialer" */;
			buildPhases = (
				AEC63BB423E728FC00E3BA42 /* Sources */,
				AEC63BB523E728FC00E3BA42 /* Frameworks */,
				AEC63BB623E728FC00E3BA42 /* Resources */,
			);
			buildRules = (
			);
			dependencies = (
			);
			name = Dialer;
			productName = Dialer;
			productReference = AEC63BB823E728FC00E3BA42 /* Dialer.app */;
			productType = "com.apple.product-type.application";
		};
/* End PBXNativeTarget section */

/* Begin PBXProject section */
		AEC63BB023E728FC00E3BA42 /* Project object */ = {
			isa = PBXProject;
			attributes = {
				LastSwiftUpdateCheck = 1130;
				LastUpgradeCheck = 1130;
				ORGANIZATIONNAME = hackeru;
				TargetAttributes = {
					AEC63BB723E728FC00E3BA42 = {
						CreatedOnToolsVersion = 11.3;
					};
				};
			};
			buildConfigurationList = AEC63BB323E728FC00E3BA42 /* Build configuration list for PBXProject "Dialer" */;
			compatibilityVersion = "Xcode 9.3";
			developmentRegion = en;
			hasScannedForEncodings = 0;
			knownRegions = (
				en,
				Base,
			);
			mainGroup = AEC63BAF23E728FC00E3BA42;
			productRefGroup = AEC63BB923E728FC00E3BA42 /* Products */;
			projectDirPath = "";
			projectRoot = "";
			targets = (
				AEC63BB723E728FC00E3BA42 /* Dialer */,
			);
		};
/* End PBXProject section */

/* Begin PBXResourcesBuildPhase section */
		AEC63BB623E728FC00E3BA42 /* Resources */ = {
			isa = PBXResourcesBuildPhase;
			buildActionMask = 2147483647;
			files = (
				AEC63BC823E728FD00E3BA42 /* LaunchScreen.storyboard in Resources */,
				AEC63BC523E728FD00E3BA42 /* Assets.xcassets in Resources */,
				AEC63BC323E728FC00E3BA42 /* Main.storyboard in Resources */,
			);
			runOnlyForDeploymentPostprocessing = 0;
		};
/* End PBXResourcesBuildPhase section */

/* Begin PBXSourcesBuildPhase section */
		AEC63BB423E728FC00E3BA42 /* Sources */ = {
			isa = PBXSourcesBuildPhase;
			buildActionMask = 2147483647;
			files = (
				AEC63BC023E728FC00E3BA42 /* ViewController.swift in Sources */,
				AEC63BBC23E728FC00E3BA42 /* AppDelegate.swift in Sources */,
				AEC63BBE23E728FC00E3BA42 /* SceneDelegate.swift in Sources */,
			);
			runOnlyForDeploymentPostprocessing = 0;
		};
/* End PBXSourcesBuildPhase section */

/* Begin PBXVariantGroup section */
		AEC63BC123E728FC00E3BA42 /* Main.storyboard */ = {
			isa = PBXVariantGroup;
			children = (
				AEC63BC223E728FC00E3BA42 /* Base */,
			);
			name = Main.storyboard;
			sourceTree = "<group>";
		};
		AEC63BC623E728FD00E3BA42 /* LaunchScreen.storyboard */ = {
			isa = PBXVariantGroup;
			children = (
				AEC63BC723E728FD00E3BA42 /* Base */,
			);
			name = LaunchScreen.storyboard;
			sourceTree = "<group>";
		};
/* End PBXVariantGroup section */

/* Begin XCBuildConfiguration section */
		AEC63BCA23E728FD00E3BA42 /* Debug */ = {
			isa = XCBuildConfiguration;
			buildSettings = {
				ALWAYS_SEARCH_USER_PATHS = NO;
				CLANG_ANALYZER_NONNULL = YES;
				CLANG_ANALYZER_NUMBER_OBJECT_CONVERSION = YES_AGGRESSIVE;
				CLANG_CXX_LANGUAGE_STANDARD = "gnu++14";
				CLANG_CXX_LIBRARY = "libc++";
				CLANG_ENABLE_MODULES = YES;
				CLANG_ENABLE_OBJC_ARC = YES;
				CLANG_ENABLE_OBJC_WEAK = YES;
				CLANG_WARN_BLOCK_CAPTURE_AUTORELEASING = YES;
				CLANG_WARN_BOOL_CONVERSION = YES;
				CLANG_WARN_COMMA = YES;
				CLANG_WARN_CONSTANT_CONVERSION = YES;
				CLANG_WARN_DEPRECATED_OBJC_IMPLEMENTATIONS = YES;
				CLANG_WARN_DIRECT_OBJC_ISA_USAGE = YES_ERROR;
				CLANG_WARN_DOCUMENTATION_COMMENTS = YES;
				CLANG_WARN_EMPTY_BODY = YES;
				CLANG_WARN_ENUM_CONVERSION = YES;
				CLANG_WARN_INFINITE_RECURSION = YES;
				CLANG_WARN_INT_CONVERSION = YES;
				CLANG_WARN_NON_LITERAL_NULL_CONVERSION = YES;
				CLANG_WARN_OBJC_IMPLICIT_RETAIN_SELF = YES;
				CLANG_WARN_OBJC_LITERAL_CONVERSION = YES;
				CLANG_WARN_OBJC_ROOT_CLASS = YES_ERROR;
				CLANG_WARN_RANGE_LOOP_ANALYSIS = YES;
				CLANG_WARN_STRICT_PROTOTYPES = YES;
				CLANG_WARN_SUSPICIOUS_MOVE = YES;
				CLANG_WARN_UNGUARDED_AVAILABILITY = YES_AGGRESSIVE;
				CLANG_WARN_UNREACHABLE_CODE = YES;
				CLANG_WARN__DUPLICATE_METHOD_MATCH = YES;
				COPY_PHASE_STRIP = NO;
				DEBUG_INFORMATION_FORMAT = dwarf;
				ENABLE_STRICT_OBJC_MSGSEND = YES;
				ENABLE_TESTABILITY = YES;
				GCC_C_LANGUAGE_STANDARD = gnu11;
				GCC_DYNAMIC_NO_PIC = NO;
				GCC_NO_COMMON_BLOCKS = YES;
				GCC_OPTIMIZATION_LEVEL = 0;
				GCC_PREPROCESSOR_DEFINITIONS = (
					"DEBUG=1",
					"$(inherited)",
				);
				GCC_WARN_64_TO_32_BIT_CONVERSION = YES;
				GCC_WARN_ABOUT_RETURN_TYPE = YES_ERROR;
				GCC_WARN_UNDECLARED_SELECTOR = YES;
				GCC_WARN_UNINITIALIZED_AUTOS = YES_AGGRESSIVE;
				GCC_WARN_UNUSED_FUNCTION = YES;
				GCC_WARN_UNUSED_VARIABLE = YES;
				IPHONEOS_DEPLOYMENT_TARGET = 13.2;
				MTL_ENABLE_DEBUG_INFO = INCLUDE_SOURCE;
				MTL_FAST_MATH = YES;
				ONLY_ACTIVE_ARCH = YES;
				SDKROOT = iphoneos;
				SWIFT_ACTIVE_COMPILATION_CONDITIONS = DEBUG;
				SWIFT_OPTIMIZATION_LEVEL = "-Onone";
			};
			name = Debug;
		};
		AEC63BCB23E728FD00E3BA42 /* Release */ = {
			isa = XCBuildConfiguration;
			buildSettings = {
				ALWAYS_SEARCH_USER_PATHS = NO;
				CLANG_ANALYZER_NONNULL = YES;
				CLANG_ANALYZER_NUMBER_OBJECT_CONVERSION = YES_AGGRESSIVE;
				CLANG_CXX_LANGUAGE_STANDARD = "gnu++14";
				CLANG_CXX_LIBRARY = "libc++";
				CLANG_ENABLE_MODULES = YES;
				CLANG_ENABLE_OBJC_ARC = YES;
				CLANG_ENABLE_OBJC_WEAK = YES;
				CLANG_WARN_BLOCK_CAPTURE_AUTORELEASING = YES;
				CLANG_WARN_BOOL_CONVERSION = YES;
				CLANG_WARN_COMMA = YES;
				CLANG_WARN_CONSTANT_CONVERSION = YES;
				CLANG_WARN_DEPRECATED_OBJC_IMPLEMENTATIONS = YES;
				CLANG_WARN_DIRECT_OBJC_ISA_USAGE = YES_ERROR;
				CLANG_WARN_DOCUMENTATION_COMMENTS = YES;
				CLANG_WARN_EMPTY_BODY = YES;
				CLANG_WARN_ENUM_CONVERSION = YES;
				CLANG_WARN_INFINITE_RECURSION = YES;
				CLANG_WARN_INT_CONVERSION = YES;
				CLANG_WARN_NON_LITERAL_NULL_CONVERSION = YES;
				CLANG_WARN_OBJC_IMPLICIT_RETAIN_SELF = YES;
				CLANG_WARN_OBJC_LITERAL_CONVERSION = YES;
				CLANG_WARN_OBJC_ROOT_CLASS = YES_ERROR;
				CLANG_WARN_RANGE_LOOP_ANALYSIS = YES;
				CLANG_WARN_STRICT_PROTOTYPES = YES;
				CLANG_WARN_SUSPICIOUS_MOVE = YES;
				CLANG_WARN_UNGUARDED_AVAILABILITY = YES_AGGRESSIVE;
				CLANG_WARN_UNREACHABLE_CODE = YES;
				CLANG_WARN__DUPLICATE_METHOD_MATCH = YES;
				COPY_PHASE_STRIP = NO;
				DEBUG_INFORMATION_FORMAT = "dwarf-with-dsym";
				ENABLE_NS_ASSERTIONS = NO;
				ENABLE_STRICT_OBJC_MSGSEND = YES;
				GCC_C_LANGUAGE_STANDARD = gnu11;
				GCC_NO_COMMON_BLOCKS = YES;
				GCC_WARN_64_TO_32_BIT_CONVERSION = YES;
				GCC_WARN_ABOUT_RETURN_TYPE = YES_ERROR;
				GCC_WARN_UNDECLARED_SELECTOR = YES;
				GCC_WARN_UNINITIALIZED_AUTOS = YES_AGGRESSIVE;
				GCC_WARN_UNUSED_FUNCTION = YES;
				GCC_WARN_UNUSED_VARIABLE = YES;
				IPHONEOS_DEPLOYMENT_TARGET = 13.2;
				MTL_ENABLE_DEBUG_INFO = NO;
				MTL_FAST_MATH = YES;
				SDKROOT = iphoneos;
				SWIFT_COMPILATION_MODE = wholemodule;
				SWIFT_OPTIMIZATION_LEVEL = "-O";
				VALIDATE_PRODUCT = YES;
			};
			name = Release;
		};
		AEC63BCD23E728FD00E3BA42 /* Debug */ = {
			isa = XCBuildConfiguration;
			buildSettings = {
				ASSETCATALOG_COMPILER_APPICON_NAME = AppIcon;
				CODE_SIGN_STYLE = Automatic;
				INFOPLIST_FILE = Dialer/Info.plist;
				LD_RUNPATH_SEARCH_PATHS = (
					"$(inherited)",
					"@executable_path/Frameworks",
				);
				PRODUCT_BUNDLE_IDENTIFIER = co.il.hackeru.Dialer;
				PRODUCT_NAME = "$(TARGET_NAME)";
				SWIFT_VERSION = 5.0;
				TARGETED_DEVICE_FAMILY = "1,2";
			};
			name = Debug;
		};
		AEC63BCE23E728FD00E3BA42 /* Release */ = {
			isa = XCBuildConfiguration;
			buildSettings = {
				ASSETCATALOG_COMPILER_APPICON_NAME = AppIcon;
				CODE_SIGN_STYLE = Automatic;
				INFOPLIST_FILE = Dialer/Info.plist;
				LD_RUNPATH_SEARCH_PATHS = (
					"$(inherited)",
					"@executable_path/Frameworks",
				);
				PRODUCT_BUNDLE_IDENTIFIER = co.il.hackeru.Dialer;
				PRODUCT_NAME = "$(TARGET_NAME)";
				SWIFT_VERSION = 5.0;
				TARGETED_DEVICE_FAMILY = "1,2";
			};
			name = Release;
		};
/* End XCBuildConfiguration section */

/* Begin XCConfigurationList section */
		AEC63BB323E728FC00E3BA42 /* Build configuration list for PBXProject "Dialer" */ = {
			isa = XCConfigurationList;
			buildConfigurations = (
				AEC63BCA23E728FD00E3BA42 /* Debug */,
				AEC63BCB23E728FD00E3BA42 /* Release */,
			);
			defaultConfigurationIsVisible = 0;
			defaultConfigurationName = Release;
		};
		AEC63BCC23E728FD00E3BA42 /* Build configuration list for PBXNativeTarget "Dialer" */ = {
			isa = XCConfigurationList;
			buildConfigurations = (
				AEC63BCD23E728FD00E3BA42 /* Debug */,
				AEC63BCE23E728FD00E3BA42 /* Release */,
			);
			defaultConfigurationIsVisible = 0;
			defaultConfigurationName = Release;
		};
/* End XCConfigurationList section */
	};
	rootObject = AEC63BB023E728FC00E3BA42 /* Project object */;
}
