// !$*UTF8*$!
{
	archiveVersion = 1;
	classes = {
	};
	objectVersion = 50;
	objects = {

/* Begin PBXBuildFile section */
		AE72767823C262E000C8B38F /* AppDelegate.swift in Sources */ = {isa = PBXBuildFile; fileRef = AE72767723C262E000C8B38F /* AppDelegate.swift */; };
		AE72767A23C262E000C8B38F /* SceneDelegate.swift in Sources */ = {isa = PBXBuildFile; fileRef = AE72767923C262E000C8B38F /* SceneDelegate.swift */; };
		AE72767C23C262E000C8B38F /* ViewController.swift in Sources */ = {isa = PBXBuildFile; fileRef = AE72767B23C262E000C8B38F /* ViewController.swift */; };
		AE72767F23C262E000C8B38F /* Main.storyboard in Resources */ = {isa = PBXBuildFile; fileRef = AE72767D23C262E000C8B38F /* Main.storyboard */; };
		AE72768123C262E000C8B38F /* Assets.xcassets in Resources */ = {isa = PBXBuildFile; fileRef = AE72768023C262E000C8B38F /* Assets.xcassets */; };
		AE72768423C262E000C8B38F /* LaunchScreen.storyboard in Resources */ = {isa = PBXBuildFile; fileRef = AE72768223C262E000C8B38F /* LaunchScreen.storyboard */; };
		AE72768E23C2632900C8B38F /* Model.swift in Sources */ = {isa = PBXBuildFile; fileRef = AE72768D23C2632900C8B38F /* Model.swift */; };
		AE72769123C26A9100C8B38F /* StrengthLabel.swift in Sources */ = {isa = PBXBuildFile; fileRef = AE72769023C26A9100C8B38F /* StrengthLabel.swift */; };
/* End PBXBuildFile section */

/* Begin PBXFileReference section */
		AE72767423C262E000C8B38F /* PasswordStrength.app */ = {isa = PBXFileReference; explicitFileType = wrapper.application; includeInIndex = 0; path = PasswordStrength.app; sourceTree = BUILT_PRODUCTS_DIR; };
		AE72767723C262E000C8B38F /* AppDelegate.swift */ = {isa = PBXFileReference; lastKnownFileType = sourcecode.swift; path = AppDelegate.swift; sourceTree = "<group>"; };
		AE72767923C262E000C8B38F /* SceneDelegate.swift */ = {isa = PBXFileReference; lastKnownFileType = sourcecode.swift; path = SceneDelegate.swift; sourceTree = "<group>"; };
		AE72767B23C262E000C8B38F /* ViewController.swift */ = {isa = PBXFileReference; lastKnownFileType = sourcecode.swift; path = ViewController.swift; sourceTree = "<group>"; };
		AE72767E23C262E000C8B38F /* Base */ = {isa = PBXFileReference; lastKnownFileType = file.storyboard; name = Base; path = Base.lproj/Main.storyboard; sourceTree = "<group>"; };
		AE72768023C262E000C8B38F /* Assets.xcassets */ = {isa = PBXFileReference; lastKnownFileType = folder.assetcatalog; path = Assets.xcassets; sourceTree = "<group>"; };
		AE72768323C262E000C8B38F /* Base */ = {isa = PBXFileReference; lastKnownFileType = file.storyboard; name = Base; path = Base.lproj/LaunchScreen.storyboard; sourceTree = "<group>"; };
		AE72768523C262E000C8B38F /* Info.plist */ = {isa = PBXFileReference; lastKnownFileType = text.plist.xml; path = Info.plist; sourceTree = "<group>"; };
		AE72768D23C2632900C8B38F /* Model.swift */ = {isa = PBXFileReference; lastKnownFileType = sourcecode.swift; path = Model.swift; sourceTree = "<group>"; };
		AE72769023C26A9100C8B38F /* StrengthLabel.swift */ = {isa = PBXFileReference; lastKnownFileType = sourcecode.swift; path = StrengthLabel.swift; sourceTree = "<group>"; };
/* End PBXFileReference section */

/* Begin PBXFrameworksBuildPhase section */
		AE72767123C262E000C8B38F /* Frameworks */ = {
			isa = PBXFrameworksBuildPhase;
			buildActionMask = 2147483647;
			files = (
			);
			runOnlyForDeploymentPostprocessing = 0;
		};
/* End PBXFrameworksBuildPhase section */

/* Begin PBXGroup section */
		AE72766B23C262E000C8B38F = {
			isa = PBXGroup;
			children = (
				AE72767623C262E000C8B38F /* PasswordStrength */,
				AE72767523C262E000C8B38F /* Products */,
			);
			sourceTree = "<group>";
		};
		AE72767523C262E000C8B38F /* Products */ = {
			isa = PBXGroup;
			children = (
				AE72767423C262E000C8B38F /* PasswordStrength.app */,
			);
			name = Products;
			sourceTree = "<group>";
		};
		AE72767623C262E000C8B38F /* PasswordStrength */ = {
			isa = PBXGroup;
			children = (
				AE72768F23C26A2700C8B38F /* view */,
				AE72768C23C2630900C8B38F /* model */,
				AE72767723C262E000C8B38F /* AppDelegate.swift */,
				AE72767923C262E000C8B38F /* SceneDelegate.swift */,
				AE72767B23C262E000C8B38F /* ViewController.swift */,
				AE72767D23C262E000C8B38F /* Main.storyboard */,
				AE72768023C262E000C8B38F /* Assets.xcassets */,
				AE72768223C262E000C8B38F /* LaunchScreen.storyboard */,
				AE72768523C262E000C8B38F /* Info.plist */,
			);
			path = PasswordStrength;
			sourceTree = "<group>";
		};
		AE72768C23C2630900C8B38F /* model */ = {
			isa = PBXGroup;
			children = (
				AE72768D23C2632900C8B38F /* Model.swift */,
			);
			path = model;
			sourceTree = "<group>";
		};
		AE72768F23C26A2700C8B38F /* view */ = {
			isa = PBXGroup;
			children = (
				AE72769023C26A9100C8B38F /* StrengthLabel.swift */,
			);
			path = view;
			sourceTree = "<group>";
		};
/* End PBXGroup section */

/* Begin PBXNativeTarget section */
		AE72767323C262E000C8B38F /* PasswordStrength */ = {
			isa = PBXNativeTarget;
			buildConfigurationList = AE72768823C262E000C8B38F /* Build configuration list for PBXNativeTarget "PasswordStrength" */;
			buildPhases = (
				AE72767023C262E000C8B38F /* Sources */,
				AE72767123C262E000C8B38F /* Frameworks */,
				AE72767223C262E000C8B38F /* Resources */,
			);
			buildRules = (
			);
			dependencies = (
			);
			name = PasswordStrength;
			productName = PasswordStrength;
			productReference = AE72767423C262E000C8B38F /* PasswordStrength.app */;
			productType = "com.apple.product-type.application";
		};
/* End PBXNativeTarget section */

/* Begin PBXProject section */
		AE72766C23C262E000C8B38F /* Project object */ = {
			isa = PBXProject;
			attributes = {
				LastSwiftUpdateCheck = 1120;
				LastUpgradeCheck = 1120;
				ORGANIZATIONNAME = hackeru;
				TargetAttributes = {
					AE72767323C262E000C8B38F = {
						CreatedOnToolsVersion = 11.2.1;
					};
				};
			};
			buildConfigurationList = AE72766F23C262E000C8B38F /* Build configuration list for PBXProject "PasswordStrength" */;
			compatibilityVersion = "Xcode 9.3";
			developmentRegion = en;
			hasScannedForEncodings = 0;
			knownRegions = (
				en,
				Base,
			);
			mainGroup = AE72766B23C262E000C8B38F;
			productRefGroup = AE72767523C262E000C8B38F /* Products */;
			projectDirPath = "";
			projectRoot = "";
			targets = (
				AE72767323C262E000C8B38F /* PasswordStrength */,
			);
		};
/* End PBXProject section */

/* Begin PBXResourcesBuildPhase section */
		AE72767223C262E000C8B38F /* Resources */ = {
			isa = PBXResourcesBuildPhase;
			buildActionMask = 2147483647;
			files = (
				AE72768423C262E000C8B38F /* LaunchScreen.storyboard in Resources */,
				AE72768123C262E000C8B38F /* Assets.xcassets in Resources */,
				AE72767F23C262E000C8B38F /* Main.storyboard in Resources */,
			);
			runOnlyForDeploymentPostprocessing = 0;
		};
/* End PBXResourcesBuildPhase section */

/* Begin PBXSourcesBuildPhase section */
		AE72767023C262E000C8B38F /* Sources */ = {
			isa = PBXSourcesBuildPhase;
			buildActionMask = 2147483647;
			files = (
				AE72767C23C262E000C8B38F /* ViewController.swift in Sources */,
				AE72767823C262E000C8B38F /* AppDelegate.swift in Sources */,
				AE72767A23C262E000C8B38F /* SceneDelegate.swift in Sources */,
				AE72769123C26A9100C8B38F /* StrengthLabel.swift in Sources */,
				AE72768E23C2632900C8B38F /* Model.swift in Sources */,
			);
			runOnlyForDeploymentPostprocessing = 0;
		};
/* End PBXSourcesBuildPhase section */

/* Begin PBXVariantGroup section */
		AE72767D23C262E000C8B38F /* Main.storyboard */ = {
			isa = PBXVariantGroup;
			children = (
				AE72767E23C262E000C8B38F /* Base */,
			);
			name = Main.storyboard;
			sourceTree = "<group>";
		};
		AE72768223C262E000C8B38F /* LaunchScreen.storyboard */ = {
			isa = PBXVariantGroup;
			children = (
				AE72768323C262E000C8B38F /* Base */,
			);
			name = LaunchScreen.storyboard;
			sourceTree = "<group>";
		};
/* End PBXVariantGroup section */

/* Begin XCBuildConfiguration section */
		AE72768623C262E000C8B38F /* Debug */ = {
			isa = XCBuildConfiguration;
			buildSettings = {
				ALWAYS_SEARCH_USER_PATHS = NO;
				CLANG_ANALYZER_NONNULL = YES;
				CLANG_ANALYZER_NUMBER_OBJECT_CONVERSION = YES_AGGRESSIVE;
				CLANG_CXX_LANGUAGE_STANDARD = "gnu++14";
				CLANG_CXX_LIBRARY = "libc++";
				CLANG_ENABLE_MODULES = YES;
				CLANG_ENABLE_OBJC_ARC = YES;
				CLANG_ENABLE_OBJC_WEAK = YES;
				CLANG_WARN_BLOCK_CAPTURE_AUTORELEASING = YES;
				CLANG_WARN_BOOL_CONVERSION = YES;
				CLANG_WARN_COMMA = YES;
				CLANG_WARN_CONSTANT_CONVERSION = YES;
				CLANG_WARN_DEPRECATED_OBJC_IMPLEMENTATIONS = YES;
				CLANG_WARN_DIRECT_OBJC_ISA_USAGE = YES_ERROR;
				CLANG_WARN_DOCUMENTATION_COMMENTS = YES;
				CLANG_WARN_EMPTY_BODY = YES;
				CLANG_WARN_ENUM_CONVERSION = YES;
				CLANG_WARN_INFINITE_RECURSION = YES;
				CLANG_WARN_INT_CONVERSION = YES;
				CLANG_WARN_NON_LITERAL_NULL_CONVERSION = YES;
				CLANG_WARN_OBJC_IMPLICIT_RETAIN_SELF = YES;
				CLANG_WARN_OBJC_LITERAL_CONVERSION = YES;
				CLANG_WARN_OBJC_ROOT_CLASS = YES_ERROR;
				CLANG_WARN_RANGE_LOOP_ANALYSIS = YES;
				CLANG_WARN_STRICT_PROTOTYPES = YES;
				CLANG_WARN_SUSPICIOUS_MOVE = YES;
				CLANG_WARN_UNGUARDED_AVAILABILITY = YES_AGGRESSIVE;
				CLANG_WARN_UNREACHABLE_CODE = YES;
				CLANG_WARN__DUPLICATE_METHOD_MATCH = YES;
				COPY_PHASE_STRIP = NO;
				DEBUG_INFORMATION_FORMAT = dwarf;
				ENABLE_STRICT_OBJC_MSGSEND = YES;
				ENABLE_TESTABILITY = YES;
				GCC_C_LANGUAGE_STANDARD = gnu11;
				GCC_DYNAMIC_NO_PIC = NO;
				GCC_NO_COMMON_BLOCKS = YES;
				GCC_OPTIMIZATION_LEVEL = 0;
				GCC_PREPROCESSOR_DEFINITIONS = (
					"DEBUG=1",
					"$(inherited)",
				);
				GCC_WARN_64_TO_32_BIT_CONVERSION = YES;
				GCC_WARN_ABOUT_RETURN_TYPE = YES_ERROR;
				GCC_WARN_UNDECLARED_SELECTOR = YES;
				GCC_WARN_UNINITIALIZED_AUTOS = YES_AGGRESSIVE;
				GCC_WARN_UNUSED_FUNCTION = YES;
				GCC_WARN_UNUSED_VARIABLE = YES;
				IPHONEOS_DEPLOYMENT_TARGET = 13.2;
				MTL_ENABLE_DEBUG_INFO = INCLUDE_SOURCE;
				MTL_FAST_MATH = YES;
				ONLY_ACTIVE_ARCH = YES;
				SDKROOT = iphoneos;
				SWIFT_ACTIVE_COMPILATION_CONDITIONS = DEBUG;
				SWIFT_OPTIMIZATION_LEVEL = "-Onone";
			};
			name = Debug;
		};
		AE72768723C262E000C8B38F /* Release */ = {
			isa = XCBuildConfiguration;
			buildSettings = {
				ALWAYS_SEARCH_USER_PATHS = NO;
				CLANG_ANALYZER_NONNULL = YES;
				CLANG_ANALYZER_NUMBER_OBJECT_CONVERSION = YES_AGGRESSIVE;
				CLANG_CXX_LANGUAGE_STANDARD = "gnu++14";
				CLANG_CXX_LIBRARY = "libc++";
				CLANG_ENABLE_MODULES = YES;
				CLANG_ENABLE_OBJC_ARC = YES;
				CLANG_ENABLE_OBJC_WEAK = YES;
				CLANG_WARN_BLOCK_CAPTURE_AUTORELEASING = YES;
				CLANG_WARN_BOOL_CONVERSION = YES;
				CLANG_WARN_COMMA = YES;
				CLANG_WARN_CONSTANT_CONVERSION = YES;
				CLANG_WARN_DEPRECATED_OBJC_IMPLEMENTATIONS = YES;
				CLANG_WARN_DIRECT_OBJC_ISA_USAGE = YES_ERROR;
				CLANG_WARN_DOCUMENTATION_COMMENTS = YES;
				CLANG_WARN_EMPTY_BODY = YES;
				CLANG_WARN_ENUM_CONVERSION = YES;
				CLANG_WARN_INFINITE_RECURSION = YES;
				CLANG_WARN_INT_CONVERSION = YES;
				CLANG_WARN_NON_LITERAL_NULL_CONVERSION = YES;
				CLANG_WARN_OBJC_IMPLICIT_RETAIN_SELF = YES;
				CLANG_WARN_OBJC_LITERAL_CONVERSION = YES;
				CLANG_WARN_OBJC_ROOT_CLASS = YES_ERROR;
				CLANG_WARN_RANGE_LOOP_ANALYSIS = YES;
				CLANG_WARN_STRICT_PROTOTYPES = YES;
				CLANG_WARN_SUSPICIOUS_MOVE = YES;
				CLANG_WARN_UNGUARDED_AVAILABILITY = YES_AGGRESSIVE;
				CLANG_WARN_UNREACHABLE_CODE = YES;
				CLANG_WARN__DUPLICATE_METHOD_MATCH = YES;
				COPY_PHASE_STRIP = NO;
				DEBUG_INFORMATION_FORMAT = "dwarf-with-dsym";
				ENABLE_NS_ASSERTIONS = NO;
				ENABLE_STRICT_OBJC_MSGSEND = YES;
				GCC_C_LANGUAGE_STANDARD = gnu11;
				GCC_NO_COMMON_BLOCKS = YES;
				GCC_WARN_64_TO_32_BIT_CONVERSION = YES;
				GCC_WARN_ABOUT_RETURN_TYPE = YES_ERROR;
				GCC_WARN_UNDECLARED_SELECTOR = YES;
				GCC_WARN_UNINITIALIZED_AUTOS = YES_AGGRESSIVE;
				GCC_WARN_UNUSED_FUNCTION = YES;
				GCC_WARN_UNUSED_VARIABLE = YES;
				IPHONEOS_DEPLOYMENT_TARGET = 13.2;
				MTL_ENABLE_DEBUG_INFO = NO;
				MTL_FAST_MATH = YES;
				SDKROOT = iphoneos;
				SWIFT_COMPILATION_MODE = wholemodule;
				SWIFT_OPTIMIZATION_LEVEL = "-O";
				VALIDATE_PRODUCT = YES;
			};
			name = Release;
		};
		AE72768923C262E000C8B38F /* Debug */ = {
			isa = XCBuildConfiguration;
			buildSettings = {
				ASSETCATALOG_COMPILER_APPICON_NAME = AppIcon;
				CODE_SIGN_STYLE = Automatic;
				INFOPLIST_FILE = PasswordStrength/Info.plist;
				LD_RUNPATH_SEARCH_PATHS = (
					"$(inherited)",
					"@executable_path/Frameworks",
				);
				PRODUCT_BUNDLE_IDENTIFIER = co.il.hackeru.PasswordStrength;
				PRODUCT_NAME = "$(TARGET_NAME)";
				SWIFT_VERSION = 5.0;
				TARGETED_DEVICE_FAMILY = "1,2";
			};
			name = Debug;
		};
		AE72768A23C262E000C8B38F /* Release */ = {
			isa = XCBuildConfiguration;
			buildSettings = {
				ASSETCATALOG_COMPILER_APPICON_NAME = AppIcon;
				CODE_SIGN_STYLE = Automatic;
				INFOPLIST_FILE = PasswordStrength/Info.plist;
				LD_RUNPATH_SEARCH_PATHS = (
					"$(inherited)",
					"@executable_path/Frameworks",
				);
				PRODUCT_BUNDLE_IDENTIFIER = co.il.hackeru.PasswordStrength;
				PRODUCT_NAME = "$(TARGET_NAME)";
				SWIFT_VERSION = 5.0;
				TARGETED_DEVICE_FAMILY = "1,2";
			};
			name = Release;
		};
/* End XCBuildConfiguration section */

/* Begin XCConfigurationList section */
		AE72766F23C262E000C8B38F /* Build configuration list for PBXProject "PasswordStrength" */ = {
			isa = XCConfigurationList;
			buildConfigurations = (
				AE72768623C262E000C8B38F /* Debug */,
				AE72768723C262E000C8B38F /* Release */,
			);
			defaultConfigurationIsVisible = 0;
			defaultConfigurationName = Release;
		};
		AE72768823C262E000C8B38F /* Build configuration list for PBXNativeTarget "PasswordStrength" */ = {
			isa = XCConfigurationList;
			buildConfigurations = (
				AE72768923C262E000C8B38F /* Debug */,
				AE72768A23C262E000C8B38F /* Release */,
			);
			defaultConfigurationIsVisible = 0;
			defaultConfigurationName = Release;
		};
/* End XCConfigurationList section */
	};
	rootObject = AE72766C23C262E000C8B38F /* Project object */;
}
