// !$*UTF8*$!
{
	archiveVersion = 1;
	classes = {
	};
	objectVersion = 50;
	objects = {

/* Begin PBXBuildFile section */
		AE72762F23C251D000C8B38F /* AppDelegate.swift in Sources */ = {isa = PBXBuildFile; fileRef = AE72762E23C251D000C8B38F /* AppDelegate.swift */; };
		AE72763123C251D000C8B38F /* SceneDelegate.swift in Sources */ = {isa = PBXBuildFile; fileRef = AE72763023C251D000C8B38F /* SceneDelegate.swift */; };
		AE72763323C251D100C8B38F /* ViewController.swift in Sources */ = {isa = PBXBuildFile; fileRef = AE72763223C251D100C8B38F /* ViewController.swift */; };
		AE72763623C251D100C8B38F /* Main.storyboard in Resources */ = {isa = PBXBuildFile; fileRef = AE72763423C251D100C8B38F /* Main.storyboard */; };
		AE72763823C251D100C8B38F /* Assets.xcassets in Resources */ = {isa = PBXBuildFile; fileRef = AE72763723C251D100C8B38F /* Assets.xcassets */; };
		AE72763B23C251D100C8B38F /* LaunchScreen.storyboard in Resources */ = {isa = PBXBuildFile; fileRef = AE72763923C251D100C8B38F /* LaunchScreen.storyboard */; };
		AE72764423C2527100C8B38F /* OrangeView.swift in Sources */ = {isa = PBXBuildFile; fileRef = AE72764323C2527100C8B38F /* OrangeView.swift */; };
		AE72764623C25A4A00C8B38F /* TrafficLightView.swift in Sources */ = {isa = PBXBuildFile; fileRef = AE72764523C25A4A00C8B38F /* TrafficLightView.swift */; };
/* End PBXBuildFile section */

/* Begin PBXFileReference section */
		AE72762B23C251D000C8B38F /* SubClassView.app */ = {isa = PBXFileReference; explicitFileType = wrapper.application; includeInIndex = 0; path = SubClassView.app; sourceTree = BUILT_PRODUCTS_DIR; };
		AE72762E23C251D000C8B38F /* AppDelegate.swift */ = {isa = PBXFileReference; lastKnownFileType = sourcecode.swift; path = AppDelegate.swift; sourceTree = "<group>"; };
		AE72763023C251D000C8B38F /* SceneDelegate.swift */ = {isa = PBXFileReference; lastKnownFileType = sourcecode.swift; path = SceneDelegate.swift; sourceTree = "<group>"; };
		AE72763223C251D100C8B38F /* ViewController.swift */ = {isa = PBXFileReference; lastKnownFileType = sourcecode.swift; path = ViewController.swift; sourceTree = "<group>"; };
		AE72763523C251D100C8B38F /* Base */ = {isa = PBXFileReference; lastKnownFileType = file.storyboard; name = Base; path = Base.lproj/Main.storyboard; sourceTree = "<group>"; };
		AE72763723C251D100C8B38F /* Assets.xcassets */ = {isa = PBXFileReference; lastKnownFileType = folder.assetcatalog; path = Assets.xcassets; sourceTree = "<group>"; };
		AE72763A23C251D100C8B38F /* Base */ = {isa = PBXFileReference; lastKnownFileType = file.storyboard; name = Base; path = Base.lproj/LaunchScreen.storyboard; sourceTree = "<group>"; };
		AE72763C23C251D100C8B38F /* Info.plist */ = {isa = PBXFileReference; lastKnownFileType = text.plist.xml; path = Info.plist; sourceTree = "<group>"; };
		AE72764323C2527100C8B38F /* OrangeView.swift */ = {isa = PBXFileReference; lastKnownFileType = sourcecode.swift; path = OrangeView.swift; sourceTree = "<group>"; };
		AE72764523C25A4A00C8B38F /* TrafficLightView.swift */ = {isa = PBXFileReference; lastKnownFileType = sourcecode.swift; path = TrafficLightView.swift; sourceTree = "<group>"; };
/* End PBXFileReference section */

/* Begin PBXFrameworksBuildPhase section */
		AE72762823C251D000C8B38F /* Frameworks */ = {
			isa = PBXFrameworksBuildPhase;
			buildActionMask = 2147483647;
			files = (
			);
			runOnlyForDeploymentPostprocessing = 0;
		};
/* End PBXFrameworksBuildPhase section */

/* Begin PBXGroup section */
		AE72762223C251D000C8B38F = {
			isa = PBXGroup;
			children = (
				AE72762D23C251D000C8B38F /* SubClassView */,
				AE72762C23C251D000C8B38F /* Products */,
			);
			sourceTree = "<group>";
		};
		AE72762C23C251D000C8B38F /* Products */ = {
			isa = PBXGroup;
			children = (
				AE72762B23C251D000C8B38F /* SubClassView.app */,
			);
			name = Products;
			sourceTree = "<group>";
		};
		AE72762D23C251D000C8B38F /* SubClassView */ = {
			isa = PBXGroup;
			children = (
				AE72764223C251ED00C8B38F /* view */,
				AE72762E23C251D000C8B38F /* AppDelegate.swift */,
				AE72763023C251D000C8B38F /* SceneDelegate.swift */,
				AE72763223C251D100C8B38F /* ViewController.swift */,
				AE72763423C251D100C8B38F /* Main.storyboard */,
				AE72763723C251D100C8B38F /* Assets.xcassets */,
				AE72763923C251D100C8B38F /* LaunchScreen.storyboard */,
				AE72763C23C251D100C8B38F /* Info.plist */,
			);
			path = SubClassView;
			sourceTree = "<group>";
		};
		AE72764223C251ED00C8B38F /* view */ = {
			isa = PBXGroup;
			children = (
				AE72764323C2527100C8B38F /* OrangeView.swift */,
				AE72764523C25A4A00C8B38F /* TrafficLightView.swift */,
			);
			path = view;
			sourceTree = "<group>";
		};
/* End PBXGroup section */

/* Begin PBXNativeTarget section */
		AE72762A23C251D000C8B38F /* SubClassView */ = {
			isa = PBXNativeTarget;
			buildConfigurationList = AE72763F23C251D100C8B38F /* Build configuration list for PBXNativeTarget "SubClassView" */;
			buildPhases = (
				AE72762723C251D000C8B38F /* Sources */,
				AE72762823C251D000C8B38F /* Frameworks */,
				AE72762923C251D000C8B38F /* Resources */,
			);
			buildRules = (
			);
			dependencies = (
			);
			name = SubClassView;
			productName = SubClassView;
			productReference = AE72762B23C251D000C8B38F /* SubClassView.app */;
			productType = "com.apple.product-type.application";
		};
/* End PBXNativeTarget section */

/* Begin PBXProject section */
		AE72762323C251D000C8B38F /* Project object */ = {
			isa = PBXProject;
			attributes = {
				LastSwiftUpdateCheck = 1120;
				LastUpgradeCheck = 1120;
				ORGANIZATIONNAME = hackeru;
				TargetAttributes = {
					AE72762A23C251D000C8B38F = {
						CreatedOnToolsVersion = 11.2.1;
					};
				};
			};
			buildConfigurationList = AE72762623C251D000C8B38F /* Build configuration list for PBXProject "SubClassView" */;
			compatibilityVersion = "Xcode 9.3";
			developmentRegion = en;
			hasScannedForEncodings = 0;
			knownRegions = (
				en,
				Base,
			);
			mainGroup = AE72762223C251D000C8B38F;
			productRefGroup = AE72762C23C251D000C8B38F /* Products */;
			projectDirPath = "";
			projectRoot = "";
			targets = (
				AE72762A23C251D000C8B38F /* SubClassView */,
			);
		};
/* End PBXProject section */

/* Begin PBXResourcesBuildPhase section */
		AE72762923C251D000C8B38F /* Resources */ = {
			isa = PBXResourcesBuildPhase;
			buildActionMask = 2147483647;
			files = (
				AE72763B23C251D100C8B38F /* LaunchScreen.storyboard in Resources */,
				AE72763823C251D100C8B38F /* Assets.xcassets in Resources */,
				AE72763623C251D100C8B38F /* Main.storyboard in Resources */,
			);
			runOnlyForDeploymentPostprocessing = 0;
		};
/* End PBXResourcesBuildPhase section */

/* Begin PBXSourcesBuildPhase section */
		AE72762723C251D000C8B38F /* Sources */ = {
			isa = PBXSourcesBuildPhase;
			buildActionMask = 2147483647;
			files = (
				AE72763323C251D100C8B38F /* ViewController.swift in Sources */,
				AE72762F23C251D000C8B38F /* AppDelegate.swift in Sources */,
				AE72764423C2527100C8B38F /* OrangeView.swift in Sources */,
				AE72764623C25A4A00C8B38F /* TrafficLightView.swift in Sources */,
				AE72763123C251D000C8B38F /* SceneDelegate.swift in Sources */,
			);
			runOnlyForDeploymentPostprocessing = 0;
		};
/* End PBXSourcesBuildPhase section */

/* Begin PBXVariantGroup section */
		AE72763423C251D100C8B38F /* Main.storyboard */ = {
			isa = PBXVariantGroup;
			children = (
				AE72763523C251D100C8B38F /* Base */,
			);
			name = Main.storyboard;
			sourceTree = "<group>";
		};
		AE72763923C251D100C8B38F /* LaunchScreen.storyboard */ = {
			isa = PBXVariantGroup;
			children = (
				AE72763A23C251D100C8B38F /* Base */,
			);
			name = LaunchScreen.storyboard;
			sourceTree = "<group>";
		};
/* End PBXVariantGroup section */

/* Begin XCBuildConfiguration section */
		AE72763D23C251D100C8B38F /* Debug */ = {
			isa = XCBuildConfiguration;
			buildSettings = {
				ALWAYS_SEARCH_USER_PATHS = NO;
				CLANG_ANALYZER_NONNULL = YES;
				CLANG_ANALYZER_NUMBER_OBJECT_CONVERSION = YES_AGGRESSIVE;
				CLANG_CXX_LANGUAGE_STANDARD = "gnu++14";
				CLANG_CXX_LIBRARY = "libc++";
				CLANG_ENABLE_MODULES = YES;
				CLANG_ENABLE_OBJC_ARC = YES;
				CLANG_ENABLE_OBJC_WEAK = YES;
				CLANG_WARN_BLOCK_CAPTURE_AUTORELEASING = YES;
				CLANG_WARN_BOOL_CONVERSION = YES;
				CLANG_WARN_COMMA = YES;
				CLANG_WARN_CONSTANT_CONVERSION = YES;
				CLANG_WARN_DEPRECATED_OBJC_IMPLEMENTATIONS = YES;
				CLANG_WARN_DIRECT_OBJC_ISA_USAGE = YES_ERROR;
				CLANG_WARN_DOCUMENTATION_COMMENTS = YES;
				CLANG_WARN_EMPTY_BODY = YES;
				CLANG_WARN_ENUM_CONVERSION = YES;
				CLANG_WARN_INFINITE_RECURSION = YES;
				CLANG_WARN_INT_CONVERSION = YES;
				CLANG_WARN_NON_LITERAL_NULL_CONVERSION = YES;
				CLANG_WARN_OBJC_IMPLICIT_RETAIN_SELF = YES;
				CLANG_WARN_OBJC_LITERAL_CONVERSION = YES;
				CLANG_WARN_OBJC_ROOT_CLASS = YES_ERROR;
				CLANG_WARN_RANGE_LOOP_ANALYSIS = YES;
				CLANG_WARN_STRICT_PROTOTYPES = YES;
				CLANG_WARN_SUSPICIOUS_MOVE = YES;
				CLANG_WARN_UNGUARDED_AVAILABILITY = YES_AGGRESSIVE;
				CLANG_WARN_UNREACHABLE_CODE = YES;
				CLANG_WARN__DUPLICATE_METHOD_MATCH = YES;
				COPY_PHASE_STRIP = NO;
				DEBUG_INFORMATION_FORMAT = dwarf;
				ENABLE_STRICT_OBJC_MSGSEND = YES;
				ENABLE_TESTABILITY = YES;
				GCC_C_LANGUAGE_STANDARD = gnu11;
				GCC_DYNAMIC_NO_PIC = NO;
				GCC_NO_COMMON_BLOCKS = YES;
				GCC_OPTIMIZATION_LEVEL = 0;
				GCC_PREPROCESSOR_DEFINITIONS = (
					"DEBUG=1",
					"$(inherited)",
				);
				GCC_WARN_64_TO_32_BIT_CONVERSION = YES;
				GCC_WARN_ABOUT_RETURN_TYPE = YES_ERROR;
				GCC_WARN_UNDECLARED_SELECTOR = YES;
				GCC_WARN_UNINITIALIZED_AUTOS = YES_AGGRESSIVE;
				GCC_WARN_UNUSED_FUNCTION = YES;
				GCC_WARN_UNUSED_VARIABLE = YES;
				IPHONEOS_DEPLOYMENT_TARGET = 13.2;
				MTL_ENABLE_DEBUG_INFO = INCLUDE_SOURCE;
				MTL_FAST_MATH = YES;
				ONLY_ACTIVE_ARCH = YES;
				SDKROOT = iphoneos;
				SWIFT_ACTIVE_COMPILATION_CONDITIONS = DEBUG;
				SWIFT_OPTIMIZATION_LEVEL = "-Onone";
			};
			name = Debug;
		};
		AE72763E23C251D100C8B38F /* Release */ = {
			isa = XCBuildConfiguration;
			buildSettings = {
				ALWAYS_SEARCH_USER_PATHS = NO;
				CLANG_ANALYZER_NONNULL = YES;
				CLANG_ANALYZER_NUMBER_OBJECT_CONVERSION = YES_AGGRESSIVE;
				CLANG_CXX_LANGUAGE_STANDARD = "gnu++14";
				CLANG_CXX_LIBRARY = "libc++";
				CLANG_ENABLE_MODULES = YES;
				CLANG_ENABLE_OBJC_ARC = YES;
				CLANG_ENABLE_OBJC_WEAK = YES;
				CLANG_WARN_BLOCK_CAPTURE_AUTORELEASING = YES;
				CLANG_WARN_BOOL_CONVERSION = YES;
				CLANG_WARN_COMMA = YES;
				CLANG_WARN_CONSTANT_CONVERSION = YES;
				CLANG_WARN_DEPRECATED_OBJC_IMPLEMENTATIONS = YES;
				CLANG_WARN_DIRECT_OBJC_ISA_USAGE = YES_ERROR;
				CLANG_WARN_DOCUMENTATION_COMMENTS = YES;
				CLANG_WARN_EMPTY_BODY = YES;
				CLANG_WARN_ENUM_CONVERSION = YES;
				CLANG_WARN_INFINITE_RECURSION = YES;
				CLANG_WARN_INT_CONVERSION = YES;
				CLANG_WARN_NON_LITERAL_NULL_CONVERSION = YES;
				CLANG_WARN_OBJC_IMPLICIT_RETAIN_SELF = YES;
				CLANG_WARN_OBJC_LITERAL_CONVERSION = YES;
				CLANG_WARN_OBJC_ROOT_CLASS = YES_ERROR;
				CLANG_WARN_RANGE_LOOP_ANALYSIS = YES;
				CLANG_WARN_STRICT_PROTOTYPES = YES;
				CLANG_WARN_SUSPICIOUS_MOVE = YES;
				CLANG_WARN_UNGUARDED_AVAILABILITY = YES_AGGRESSIVE;
				CLANG_WARN_UNREACHABLE_CODE = YES;
				CLANG_WARN__DUPLICATE_METHOD_MATCH = YES;
				COPY_PHASE_STRIP = NO;
				DEBUG_INFORMATION_FORMAT = "dwarf-with-dsym";
				ENABLE_NS_ASSERTIONS = NO;
				ENABLE_STRICT_OBJC_MSGSEND = YES;
				GCC_C_LANGUAGE_STANDARD = gnu11;
				GCC_NO_COMMON_BLOCKS = YES;
				GCC_WARN_64_TO_32_BIT_CONVERSION = YES;
				GCC_WARN_ABOUT_RETURN_TYPE = YES_ERROR;
				GCC_WARN_UNDECLARED_SELECTOR = YES;
				GCC_WARN_UNINITIALIZED_AUTOS = YES_AGGRESSIVE;
				GCC_WARN_UNUSED_FUNCTION = YES;
				GCC_WARN_UNUSED_VARIABLE = YES;
				IPHONEOS_DEPLOYMENT_TARGET = 13.2;
				MTL_ENABLE_DEBUG_INFO = NO;
				MTL_FAST_MATH = YES;
				SDKROOT = iphoneos;
				SWIFT_COMPILATION_MODE = wholemodule;
				SWIFT_OPTIMIZATION_LEVEL = "-O";
				VALIDATE_PRODUCT = YES;
			};
			name = Release;
		};
		AE72764023C251D100C8B38F /* Debug */ = {
			isa = XCBuildConfiguration;
			buildSettings = {
				ASSETCATALOG_COMPILER_APPICON_NAME = AppIcon;
				CODE_SIGN_STYLE = Automatic;
				INFOPLIST_FILE = SubClassView/Info.plist;
				LD_RUNPATH_SEARCH_PATHS = (
					"$(inherited)",
					"@executable_path/Frameworks",
				);
				PRODUCT_BUNDLE_IDENTIFIER = co.il.hackeru.SubClassView;
				PRODUCT_NAME = "$(TARGET_NAME)";
				SWIFT_VERSION = 5.0;
				TARGETED_DEVICE_FAMILY = "1,2";
			};
			name = Debug;
		};
		AE72764123C251D100C8B38F /* Release */ = {
			isa = XCBuildConfiguration;
			buildSettings = {
				ASSETCATALOG_COMPILER_APPICON_NAME = AppIcon;
				CODE_SIGN_STYLE = Automatic;
				INFOPLIST_FILE = SubClassView/Info.plist;
				LD_RUNPATH_SEARCH_PATHS = (
					"$(inherited)",
					"@executable_path/Frameworks",
				);
				PRODUCT_BUNDLE_IDENTIFIER = co.il.hackeru.SubClassView;
				PRODUCT_NAME = "$(TARGET_NAME)";
				SWIFT_VERSION = 5.0;
				TARGETED_DEVICE_FAMILY = "1,2";
			};
			name = Release;
		};
/* End XCBuildConfiguration section */

/* Begin XCConfigurationList section */
		AE72762623C251D000C8B38F /* Build configuration list for PBXProject "SubClassView" */ = {
			isa = XCConfigurationList;
			buildConfigurations = (
				AE72763D23C251D100C8B38F /* Debug */,
				AE72763E23C251D100C8B38F /* Release */,
			);
			defaultConfigurationIsVisible = 0;
			defaultConfigurationName = Release;
		};
		AE72763F23C251D100C8B38F /* Build configuration list for PBXNativeTarget "SubClassView" */ = {
			isa = XCConfigurationList;
			buildConfigurations = (
				AE72764023C251D100C8B38F /* Debug */,
				AE72764123C251D100C8B38F /* Release */,
			);
			defaultConfigurationIsVisible = 0;
			defaultConfigurationName = Release;
		};
/* End XCConfigurationList section */
	};
	rootObject = AE72762323C251D000C8B38F /* Project object */;
}
