// !$*UTF8*$!
{
	archiveVersion = 1;
	classes = {
	};
	objectVersion = 50;
	objects = {

/* Begin PBXBuildFile section */
		AE23596E23DDEAA30061BC09 /* AppDelegate.swift in Sources */ = {isa = PBXBuildFile; fileRef = AE23596D23DDEAA30061BC09 /* AppDelegate.swift */; };
		AE23597023DDEAA30061BC09 /* SceneDelegate.swift in Sources */ = {isa = PBXBuildFile; fileRef = AE23596F23DDEAA30061BC09 /* SceneDelegate.swift */; };
		AE23597223DDEAA30061BC09 /* ViewController.swift in Sources */ = {isa = PBXBuildFile; fileRef = AE23597123DDEAA30061BC09 /* ViewController.swift */; };
		AE23597523DDEAA30061BC09 /* Main.storyboard in Resources */ = {isa = PBXBuildFile; fileRef = AE23597323DDEAA30061BC09 /* Main.storyboard */; };
		AE23597723DDEAA40061BC09 /* Assets.xcassets in Resources */ = {isa = PBXBuildFile; fileRef = AE23597623DDEAA40061BC09 /* Assets.xcassets */; };
		AE23597A23DDEAA40061BC09 /* LaunchScreen.storyboard in Resources */ = {isa = PBXBuildFile; fileRef = AE23597823DDEAA40061BC09 /* LaunchScreen.storyboard */; };
		AE23598323DDEB010061BC09 /* FontLabel.swift in Sources */ = {isa = PBXBuildFile; fileRef = AE23598223DDEB010061BC09 /* FontLabel.swift */; };
/* End PBXBuildFile section */

/* Begin PBXFileReference section */
		AE23596A23DDEAA30061BC09 /* HomeworkLabel.app */ = {isa = PBXFileReference; explicitFileType = wrapper.application; includeInIndex = 0; path = HomeworkLabel.app; sourceTree = BUILT_PRODUCTS_DIR; };
		AE23596D23DDEAA30061BC09 /* AppDelegate.swift */ = {isa = PBXFileReference; lastKnownFileType = sourcecode.swift; path = AppDelegate.swift; sourceTree = "<group>"; };
		AE23596F23DDEAA30061BC09 /* SceneDelegate.swift */ = {isa = PBXFileReference; lastKnownFileType = sourcecode.swift; path = SceneDelegate.swift; sourceTree = "<group>"; };
		AE23597123DDEAA30061BC09 /* ViewController.swift */ = {isa = PBXFileReference; lastKnownFileType = sourcecode.swift; path = ViewController.swift; sourceTree = "<group>"; };
		AE23597423DDEAA30061BC09 /* Base */ = {isa = PBXFileReference; lastKnownFileType = file.storyboard; name = Base; path = Base.lproj/Main.storyboard; sourceTree = "<group>"; };
		AE23597623DDEAA40061BC09 /* Assets.xcassets */ = {isa = PBXFileReference; lastKnownFileType = folder.assetcatalog; path = Assets.xcassets; sourceTree = "<group>"; };
		AE23597923DDEAA40061BC09 /* Base */ = {isa = PBXFileReference; lastKnownFileType = file.storyboard; name = Base; path = Base.lproj/LaunchScreen.storyboard; sourceTree = "<group>"; };
		AE23597B23DDEAA40061BC09 /* Info.plist */ = {isa = PBXFileReference; lastKnownFileType = text.plist.xml; path = Info.plist; sourceTree = "<group>"; };
		AE23598223DDEB010061BC09 /* FontLabel.swift */ = {isa = PBXFileReference; lastKnownFileType = sourcecode.swift; path = FontLabel.swift; sourceTree = "<group>"; };
/* End PBXFileReference section */

/* Begin PBXFrameworksBuildPhase section */
		AE23596723DDEAA30061BC09 /* Frameworks */ = {
			isa = PBXFrameworksBuildPhase;
			buildActionMask = 2147483647;
			files = (
			);
			runOnlyForDeploymentPostprocessing = 0;
		};
/* End PBXFrameworksBuildPhase section */

/* Begin PBXGroup section */
		AE23596123DDEAA30061BC09 = {
			isa = PBXGroup;
			children = (
				AE23596C23DDEAA30061BC09 /* HomeworkLabel */,
				AE23596B23DDEAA30061BC09 /* Products */,
			);
			sourceTree = "<group>";
		};
		AE23596B23DDEAA30061BC09 /* Products */ = {
			isa = PBXGroup;
			children = (
				AE23596A23DDEAA30061BC09 /* HomeworkLabel.app */,
			);
			name = Products;
			sourceTree = "<group>";
		};
		AE23596C23DDEAA30061BC09 /* HomeworkLabel */ = {
			isa = PBXGroup;
			children = (
				AE23598123DDEAD40061BC09 /* View */,
				AE23596D23DDEAA30061BC09 /* AppDelegate.swift */,
				AE23596F23DDEAA30061BC09 /* SceneDelegate.swift */,
				AE23597123DDEAA30061BC09 /* ViewController.swift */,
				AE23597323DDEAA30061BC09 /* Main.storyboard */,
				AE23597623DDEAA40061BC09 /* Assets.xcassets */,
				AE23597823DDEAA40061BC09 /* LaunchScreen.storyboard */,
				AE23597B23DDEAA40061BC09 /* Info.plist */,
			);
			path = HomeworkLabel;
			sourceTree = "<group>";
		};
		AE23598123DDEAD40061BC09 /* View */ = {
			isa = PBXGroup;
			children = (
				AE23598223DDEB010061BC09 /* FontLabel.swift */,
			);
			path = View;
			sourceTree = "<group>";
		};
/* End PBXGroup section */

/* Begin PBXNativeTarget section */
		AE23596923DDEAA30061BC09 /* HomeworkLabel */ = {
			isa = PBXNativeTarget;
			buildConfigurationList = AE23597E23DDEAA40061BC09 /* Build configuration list for PBXNativeTarget "HomeworkLabel" */;
			buildPhases = (
				AE23596623DDEAA30061BC09 /* Sources */,
				AE23596723DDEAA30061BC09 /* Frameworks */,
				AE23596823DDEAA30061BC09 /* Resources */,
			);
			buildRules = (
			);
			dependencies = (
			);
			name = HomeworkLabel;
			productName = HomeworkLabel;
			productReference = AE23596A23DDEAA30061BC09 /* HomeworkLabel.app */;
			productType = "com.apple.product-type.application";
		};
/* End PBXNativeTarget section */

/* Begin PBXProject section */
		AE23596223DDEAA30061BC09 /* Project object */ = {
			isa = PBXProject;
			attributes = {
				LastSwiftUpdateCheck = 1130;
				LastUpgradeCheck = 1130;
				ORGANIZATIONNAME = hackeru;
				TargetAttributes = {
					AE23596923DDEAA30061BC09 = {
						CreatedOnToolsVersion = 11.3;
					};
				};
			};
			buildConfigurationList = AE23596523DDEAA30061BC09 /* Build configuration list for PBXProject "HomeworkLabel" */;
			compatibilityVersion = "Xcode 9.3";
			developmentRegion = en;
			hasScannedForEncodings = 0;
			knownRegions = (
				en,
				Base,
			);
			mainGroup = AE23596123DDEAA30061BC09;
			productRefGroup = AE23596B23DDEAA30061BC09 /* Products */;
			projectDirPath = "";
			projectRoot = "";
			targets = (
				AE23596923DDEAA30061BC09 /* HomeworkLabel */,
			);
		};
/* End PBXProject section */

/* Begin PBXResourcesBuildPhase section */
		AE23596823DDEAA30061BC09 /* Resources */ = {
			isa = PBXResourcesBuildPhase;
			buildActionMask = 2147483647;
			files = (
				AE23597A23DDEAA40061BC09 /* LaunchScreen.storyboard in Resources */,
				AE23597723DDEAA40061BC09 /* Assets.xcassets in Resources */,
				AE23597523DDEAA30061BC09 /* Main.storyboard in Resources */,
			);
			runOnlyForDeploymentPostprocessing = 0;
		};
/* End PBXResourcesBuildPhase section */

/* Begin PBXSourcesBuildPhase section */
		AE23596623DDEAA30061BC09 /* Sources */ = {
			isa = PBXSourcesBuildPhase;
			buildActionMask = 2147483647;
			files = (
				AE23597223DDEAA30061BC09 /* ViewController.swift in Sources */,
				AE23598323DDEB010061BC09 /* FontLabel.swift in Sources */,
				AE23596E23DDEAA30061BC09 /* AppDelegate.swift in Sources */,
				AE23597023DDEAA30061BC09 /* SceneDelegate.swift in Sources */,
			);
			runOnlyForDeploymentPostprocessing = 0;
		};
/* End PBXSourcesBuildPhase section */

/* Begin PBXVariantGroup section */
		AE23597323DDEAA30061BC09 /* Main.storyboard */ = {
			isa = PBXVariantGroup;
			children = (
				AE23597423DDEAA30061BC09 /* Base */,
			);
			name = Main.storyboard;
			sourceTree = "<group>";
		};
		AE23597823DDEAA40061BC09 /* LaunchScreen.storyboard */ = {
			isa = PBXVariantGroup;
			children = (
				AE23597923DDEAA40061BC09 /* Base */,
			);
			name = LaunchScreen.storyboard;
			sourceTree = "<group>";
		};
/* End PBXVariantGroup section */

/* Begin XCBuildConfiguration section */
		AE23597C23DDEAA40061BC09 /* Debug */ = {
			isa = XCBuildConfiguration;
			buildSettings = {
				ALWAYS_SEARCH_USER_PATHS = NO;
				CLANG_ANALYZER_NONNULL = YES;
				CLANG_ANALYZER_NUMBER_OBJECT_CONVERSION = YES_AGGRESSIVE;
				CLANG_CXX_LANGUAGE_STANDARD = "gnu++14";
				CLANG_CXX_LIBRARY = "libc++";
				CLANG_ENABLE_MODULES = YES;
				CLANG_ENABLE_OBJC_ARC = YES;
				CLANG_ENABLE_OBJC_WEAK = YES;
				CLANG_WARN_BLOCK_CAPTURE_AUTORELEASING = YES;
				CLANG_WARN_BOOL_CONVERSION = YES;
				CLANG_WARN_COMMA = YES;
				CLANG_WARN_CONSTANT_CONVERSION = YES;
				CLANG_WARN_DEPRECATED_OBJC_IMPLEMENTATIONS = YES;
				CLANG_WARN_DIRECT_OBJC_ISA_USAGE = YES_ERROR;
				CLANG_WARN_DOCUMENTATION_COMMENTS = YES;
				CLANG_WARN_EMPTY_BODY = YES;
				CLANG_WARN_ENUM_CONVERSION = YES;
				CLANG_WARN_INFINITE_RECURSION = YES;
				CLANG_WARN_INT_CONVERSION = YES;
				CLANG_WARN_NON_LITERAL_NULL_CONVERSION = YES;
				CLANG_WARN_OBJC_IMPLICIT_RETAIN_SELF = YES;
				CLANG_WARN_OBJC_LITERAL_CONVERSION = YES;
				CLANG_WARN_OBJC_ROOT_CLASS = YES_ERROR;
				CLANG_WARN_RANGE_LOOP_ANALYSIS = YES;
				CLANG_WARN_STRICT_PROTOTYPES = YES;
				CLANG_WARN_SUSPICIOUS_MOVE = YES;
				CLANG_WARN_UNGUARDED_AVAILABILITY = YES_AGGRESSIVE;
				CLANG_WARN_UNREACHABLE_CODE = YES;
				CLANG_WARN__DUPLICATE_METHOD_MATCH = YES;
				COPY_PHASE_STRIP = NO;
				DEBUG_INFORMATION_FORMAT = dwarf;
				ENABLE_STRICT_OBJC_MSGSEND = YES;
				ENABLE_TESTABILITY = YES;
				GCC_C_LANGUAGE_STANDARD = gnu11;
				GCC_DYNAMIC_NO_PIC = NO;
				GCC_NO_COMMON_BLOCKS = YES;
				GCC_OPTIMIZATION_LEVEL = 0;
				GCC_PREPROCESSOR_DEFINITIONS = (
					"DEBUG=1",
					"$(inherited)",
				);
				GCC_WARN_64_TO_32_BIT_CONVERSION = YES;
				GCC_WARN_ABOUT_RETURN_TYPE = YES_ERROR;
				GCC_WARN_UNDECLARED_SELECTOR = YES;
				GCC_WARN_UNINITIALIZED_AUTOS = YES_AGGRESSIVE;
				GCC_WARN_UNUSED_FUNCTION = YES;
				GCC_WARN_UNUSED_VARIABLE = YES;
				IPHONEOS_DEPLOYMENT_TARGET = 13.2;
				MTL_ENABLE_DEBUG_INFO = INCLUDE_SOURCE;
				MTL_FAST_MATH = YES;
				ONLY_ACTIVE_ARCH = YES;
				SDKROOT = iphoneos;
				SWIFT_ACTIVE_COMPILATION_CONDITIONS = DEBUG;
				SWIFT_OPTIMIZATION_LEVEL = "-Onone";
			};
			name = Debug;
		};
		AE23597D23DDEAA40061BC09 /* Release */ = {
			isa = XCBuildConfiguration;
			buildSettings = {
				ALWAYS_SEARCH_USER_PATHS = NO;
				CLANG_ANALYZER_NONNULL = YES;
				CLANG_ANALYZER_NUMBER_OBJECT_CONVERSION = YES_AGGRESSIVE;
				CLANG_CXX_LANGUAGE_STANDARD = "gnu++14";
				CLANG_CXX_LIBRARY = "libc++";
				CLANG_ENABLE_MODULES = YES;
				CLANG_ENABLE_OBJC_ARC = YES;
				CLANG_ENABLE_OBJC_WEAK = YES;
				CLANG_WARN_BLOCK_CAPTURE_AUTORELEASING = YES;
				CLANG_WARN_BOOL_CONVERSION = YES;
				CLANG_WARN_COMMA = YES;
				CLANG_WARN_CONSTANT_CONVERSION = YES;
				CLANG_WARN_DEPRECATED_OBJC_IMPLEMENTATIONS = YES;
				CLANG_WARN_DIRECT_OBJC_ISA_USAGE = YES_ERROR;
				CLANG_WARN_DOCUMENTATION_COMMENTS = YES;
				CLANG_WARN_EMPTY_BODY = YES;
				CLANG_WARN_ENUM_CONVERSION = YES;
				CLANG_WARN_INFINITE_RECURSION = YES;
				CLANG_WARN_INT_CONVERSION = YES;
				CLANG_WARN_NON_LITERAL_NULL_CONVERSION = YES;
				CLANG_WARN_OBJC_IMPLICIT_RETAIN_SELF = YES;
				CLANG_WARN_OBJC_LITERAL_CONVERSION = YES;
				CLANG_WARN_OBJC_ROOT_CLASS = YES_ERROR;
				CLANG_WARN_RANGE_LOOP_ANALYSIS = YES;
				CLANG_WARN_STRICT_PROTOTYPES = YES;
				CLANG_WARN_SUSPICIOUS_MOVE = YES;
				CLANG_WARN_UNGUARDED_AVAILABILITY = YES_AGGRESSIVE;
				CLANG_WARN_UNREACHABLE_CODE = YES;
				CLANG_WARN__DUPLICATE_METHOD_MATCH = YES;
				COPY_PHASE_STRIP = NO;
				DEBUG_INFORMATION_FORMAT = "dwarf-with-dsym";
				ENABLE_NS_ASSERTIONS = NO;
				ENABLE_STRICT_OBJC_MSGSEND = YES;
				GCC_C_LANGUAGE_STANDARD = gnu11;
				GCC_NO_COMMON_BLOCKS = YES;
				GCC_WARN_64_TO_32_BIT_CONVERSION = YES;
				GCC_WARN_ABOUT_RETURN_TYPE = YES_ERROR;
				GCC_WARN_UNDECLARED_SELECTOR = YES;
				GCC_WARN_UNINITIALIZED_AUTOS = YES_AGGRESSIVE;
				GCC_WARN_UNUSED_FUNCTION = YES;
				GCC_WARN_UNUSED_VARIABLE = YES;
				IPHONEOS_DEPLOYMENT_TARGET = 13.2;
				MTL_ENABLE_DEBUG_INFO = NO;
				MTL_FAST_MATH = YES;
				SDKROOT = iphoneos;
				SWIFT_COMPILATION_MODE = wholemodule;
				SWIFT_OPTIMIZATION_LEVEL = "-O";
				VALIDATE_PRODUCT = YES;
			};
			name = Release;
		};
		AE23597F23DDEAA40061BC09 /* Debug */ = {
			isa = XCBuildConfiguration;
			buildSettings = {
				ASSETCATALOG_COMPILER_APPICON_NAME = AppIcon;
				CODE_SIGN_STYLE = Automatic;
				INFOPLIST_FILE = HomeworkLabel/Info.plist;
				LD_RUNPATH_SEARCH_PATHS = (
					"$(inherited)",
					"@executable_path/Frameworks",
				);
				PRODUCT_BUNDLE_IDENTIFIER = co.il.hackeru.HomeworkLabel;
				PRODUCT_NAME = "$(TARGET_NAME)";
				SWIFT_VERSION = 5.0;
				TARGETED_DEVICE_FAMILY = "1,2";
			};
			name = Debug;
		};
		AE23598023DDEAA40061BC09 /* Release */ = {
			isa = XCBuildConfiguration;
			buildSettings = {
				ASSETCATALOG_COMPILER_APPICON_NAME = AppIcon;
				CODE_SIGN_STYLE = Automatic;
				INFOPLIST_FILE = HomeworkLabel/Info.plist;
				LD_RUNPATH_SEARCH_PATHS = (
					"$(inherited)",
					"@executable_path/Frameworks",
				);
				PRODUCT_BUNDLE_IDENTIFIER = co.il.hackeru.HomeworkLabel;
				PRODUCT_NAME = "$(TARGET_NAME)";
				SWIFT_VERSION = 5.0;
				TARGETED_DEVICE_FAMILY = "1,2";
			};
			name = Release;
		};
/* End XCBuildConfiguration section */

/* Begin XCConfigurationList section */
		AE23596523DDEAA30061BC09 /* Build configuration list for PBXProject "HomeworkLabel" */ = {
			isa = XCConfigurationList;
			buildConfigurations = (
				AE23597C23DDEAA40061BC09 /* Debug */,
				AE23597D23DDEAA40061BC09 /* Release */,
			);
			defaultConfigurationIsVisible = 0;
			defaultConfigurationName = Release;
		};
		AE23597E23DDEAA40061BC09 /* Build configuration list for PBXNativeTarget "HomeworkLabel" */ = {
			isa = XCConfigurationList;
			buildConfigurations = (
				AE23597F23DDEAA40061BC09 /* Debug */,
				AE23598023DDEAA40061BC09 /* Release */,
			);
			defaultConfigurationIsVisible = 0;
			defaultConfigurationName = Release;
		};
/* End XCConfigurationList section */
	};
	rootObject = AE23596223DDEAA30061BC09 /* Project object */;
}
